// !$*UTF8*$!
{
	archiveVersion = 1;
	classes = {
	};
	objectVersion = 51;
	objects = {

/* Begin PBXBuildFile section */
		472189BA26EB3AF3006C10EF /* GoogleService-Info.plist in Resources */ = {isa = PBXBuildFile; fileRef = 472189B926EB3AF3006C10EF /* GoogleService-Info.plist */; };
		47218A1726EEC679006C10EF /* KakeiboDataRepository.swift in Sources */ = {isa = PBXBuildFile; fileRef = 47218A1626EEC679006C10EF /* KakeiboDataRepository.swift */; };
		47218A1A26EF4AD4006C10EF /* CalendarImageName.swift in Sources */ = {isa = PBXBuildFile; fileRef = 47218A1926EF4AD4006C10EF /* CalendarImageName.swift */; };
		472EFDC62704324C00A80640 /* AccountViewController.swift in Sources */ = {isa = PBXBuildFile; fileRef = 472EFDC42704324C00A80640 /* AccountViewController.swift */; };
		472EFDC72704324C00A80640 /* AccountViewController.xib in Resources */ = {isa = PBXBuildFile; fileRef = 472EFDC52704324C00A80640 /* AccountViewController.xib */; };
		472EFDCA270443F300A80640 /* AccountViewModel.swift in Sources */ = {isa = PBXBuildFile; fileRef = 472EFDC9270443F300A80640 /* AccountViewModel.swift */; };
		472EFDD4270456F400A80640 /* PasscodeViewController.swift in Sources */ = {isa = PBXBuildFile; fileRef = 472EFDD2270456F400A80640 /* PasscodeViewController.swift */; };
		472EFDD5270456F400A80640 /* PasscodeViewController.xib in Resources */ = {isa = PBXBuildFile; fileRef = 472EFDD3270456F400A80640 /* PasscodeViewController.xib */; };
		472EFDD7270488A500A80640 /* PasscodeInputButtonView.swift in Sources */ = {isa = PBXBuildFile; fileRef = 472EFDD6270488A500A80640 /* PasscodeInputButtonView.swift */; };
		472EFDDA270564DD00A80640 /* PasscodeViewModel.swift in Sources */ = {isa = PBXBuildFile; fileRef = 472EFDD9270564DD00A80640 /* PasscodeViewModel.swift */; };
		472EFDDC2705A6DB00A80640 /* PasscodeRepository.swift in Sources */ = {isa = PBXBuildFile; fileRef = 472EFDDB2705A6DB00A80640 /* PasscodeRepository.swift */; };
		472EFDDF2705EECB00A80640 /* PasscodeObserver.swift in Sources */ = {isa = PBXBuildFile; fileRef = 472EFDDE2705EECB00A80640 /* PasscodeObserver.swift */; };
		472F6F542725996A00DB44E9 /* AuthType.swift in Sources */ = {isa = PBXBuildFile; fileRef = 472F6F532725996A00DB44E9 /* AuthType.swift */; };
		4739958426927E6A00BD1286 /* ExtensionUITableViewCell.swift in Sources */ = {isa = PBXBuildFile; fileRef = 4739958326927E6A00BD1286 /* ExtensionUITableViewCell.swift */; };
		4739958626927F0400BD1286 /* ExtensionUICollectionViewCell.swift in Sources */ = {isa = PBXBuildFile; fileRef = 4739958526927F0400BD1286 /* ExtensionUICollectionViewCell.swift */; };
		473995882692BE2500BD1286 /* ExtensionUITableViewHeaderFooterView.swift in Sources */ = {isa = PBXBuildFile; fileRef = 473995872692BE2500BD1286 /* ExtensionUITableViewHeaderFooterView.swift */; };
		47436A3926F885D10056F60D /* NumberFormatterUtility.swift in Sources */ = {isa = PBXBuildFile; fileRef = 47436A3826F885D10056F60D /* NumberFormatterUtility.swift */; };
		47480073268D5CC10077EC08 /* CalendarWeekdayCollectionViewCell.swift in Sources */ = {isa = PBXBuildFile; fileRef = 47480071268D5CC10077EC08 /* CalendarWeekdayCollectionViewCell.swift */; };
		47480074268D5CC10077EC08 /* CalendarWeekdayCollectionViewCell.xib in Resources */ = {isa = PBXBuildFile; fileRef = 47480072268D5CC10077EC08 /* CalendarWeekdayCollectionViewCell.xib */; };
		47480077268D5CFE0077EC08 /* CalendarDayCollectionViewCell.swift in Sources */ = {isa = PBXBuildFile; fileRef = 47480075268D5CFE0077EC08 /* CalendarDayCollectionViewCell.swift */; };
		47480078268D5CFE0077EC08 /* CalendarDayCollectionViewCell.xib in Resources */ = {isa = PBXBuildFile; fileRef = 47480076268D5CFE0077EC08 /* CalendarDayCollectionViewCell.xib */; };
		474D6B76273F7B1600563B1C /* EmailLinkAuthSuccessViewController.swift in Sources */ = {isa = PBXBuildFile; fileRef = 474D6B74273F7B1600563B1C /* EmailLinkAuthSuccessViewController.swift */; };
		474D6B77273F7B1600563B1C /* EmailLinkAuthSuccessViewController.xib in Resources */ = {isa = PBXBuildFile; fileRef = 474D6B75273F7B1600563B1C /* EmailLinkAuthSuccessViewController.xib */; };
		474D6B7A273F834600563B1C /* EmailLinkAuthSuccessViewModel.swift in Sources */ = {isa = PBXBuildFile; fileRef = 474D6B79273F834600563B1C /* EmailLinkAuthSuccessViewModel.swift */; };
		4773CBE427085F9900C52DE0 /* KeyImageStackView.swift in Sources */ = {isa = PBXBuildFile; fileRef = 4773CBE327085F9900C52DE0 /* KeyImageStackView.swift */; };
		4773CBE8270ADB8F00C52DE0 /* BackgroundHighlightedButton.swift in Sources */ = {isa = PBXBuildFile; fileRef = 4773CBE7270ADB8F00C52DE0 /* BackgroundHighlightedButton.swift */; };
		4773CBEC270AF7DF00C52DE0 /* CategoryEditViewController.swift in Sources */ = {isa = PBXBuildFile; fileRef = 4773CBEA270AF7DF00C52DE0 /* CategoryEditViewController.swift */; };
		4773CBED270AF7DF00C52DE0 /* CategoryEditViewController.xib in Resources */ = {isa = PBXBuildFile; fileRef = 4773CBEB270AF7DF00C52DE0 /* CategoryEditViewController.xib */; };
		4773CBF2270B013500C52DE0 /* CategoryEditTableViewCell.swift in Sources */ = {isa = PBXBuildFile; fileRef = 4773CBF0270B013500C52DE0 /* CategoryEditTableViewCell.swift */; };
		4773CBF3270B013500C52DE0 /* CategoryEditTableViewCell.xib in Resources */ = {isa = PBXBuildFile; fileRef = 4773CBF1270B013500C52DE0 /* CategoryEditTableViewCell.xib */; };
		4773CBF5270BD30600C52DE0 /* CategoryData.swift in Sources */ = {isa = PBXBuildFile; fileRef = 4773CBF4270BD30600C52DE0 /* CategoryData.swift */; };
		4773CBF7270BD77200C52DE0 /* ExtensionUIColor.swift in Sources */ = {isa = PBXBuildFile; fileRef = 4773CBF6270BD77200C52DE0 /* ExtensionUIColor.swift */; };
		4773CBFA270BDE2400C52DE0 /* CategoryDataRepository.swift in Sources */ = {isa = PBXBuildFile; fileRef = 4773CBF9270BDE2400C52DE0 /* CategoryDataRepository.swift */; };
		4773CBFD270C653000C52DE0 /* CategoryEditViewModel.swift in Sources */ = {isa = PBXBuildFile; fileRef = 4773CBFC270C653000C52DE0 /* CategoryEditViewModel.swift */; };
		4773CC00270C6CF000C52DE0 /* CategoryEditTableViewDataSource.swift in Sources */ = {isa = PBXBuildFile; fileRef = 4773CBFF270C6CF000C52DE0 /* CategoryEditTableViewDataSource.swift */; };
		4773CC24270D24BC00C52DE0 /* CategoryInputViewController.swift in Sources */ = {isa = PBXBuildFile; fileRef = 4773CC22270D24BC00C52DE0 /* CategoryInputViewController.swift */; };
		4773CC25270D24BC00C52DE0 /* CategoryInputViewController.xib in Resources */ = {isa = PBXBuildFile; fileRef = 4773CC23270D24BC00C52DE0 /* CategoryInputViewController.xib */; };
		4773CC28270D56E400C52DE0 /* CategoryInputViewModel.swift in Sources */ = {isa = PBXBuildFile; fileRef = 4773CC27270D56E400C52DE0 /* CategoryInputViewModel.swift */; };
		4773CC2A270DF3E900C52DE0 /* GradientLayerView.swift in Sources */ = {isa = PBXBuildFile; fileRef = 4773CC29270DF3E900C52DE0 /* GradientLayerView.swift */; };
		47793EF826E76ABE0004E5F6 /* InputViewModel.swift in Sources */ = {isa = PBXBuildFile; fileRef = 47793EF726E76ABE0004E5F6 /* InputViewModel.swift */; };
		47793EFA26E781FB0004E5F6 /* DateUtility.swift in Sources */ = {isa = PBXBuildFile; fileRef = 47793EF926E781FB0004E5F6 /* DateUtility.swift */; };
		47793EFD26E83FAC0004E5F6 /* GraphViewModel.swift in Sources */ = {isa = PBXBuildFile; fileRef = 47793EFC26E83FAC0004E5F6 /* GraphViewModel.swift */; };
		47793F0826E8770E0004E5F6 /* GraphTableViewDataSource.swift in Sources */ = {isa = PBXBuildFile; fileRef = 47793F0726E8770E0004E5F6 /* GraphTableViewDataSource.swift */; };
		47793F0E26E8A3210004E5F6 /* GraphData.swift in Sources */ = {isa = PBXBuildFile; fileRef = 47793F0D26E8A3210004E5F6 /* GraphData.swift */; };
		477C3F2726E5E3B400FFCB64 /* CalendarColor.xcassets in Resources */ = {isa = PBXBuildFile; fileRef = 477C3F2626E5E3B400FFCB64 /* CalendarColor.xcassets */; };
		477C3F2926E5E60600FFCB64 /* CalendarColorName.swift in Sources */ = {isa = PBXBuildFile; fileRef = 477C3F2826E5E60600FFCB64 /* CalendarColorName.swift */; };
		47815702266128C8005E1020 /* AppDelegate.swift in Sources */ = {isa = PBXBuildFile; fileRef = 47815701266128C8005E1020 /* AppDelegate.swift */; };
		47815704266128C8005E1020 /* SceneDelegate.swift in Sources */ = {isa = PBXBuildFile; fileRef = 47815703266128C8005E1020 /* SceneDelegate.swift */; };
		4781570B266128C8005E1020 /* Assets.xcassets in Resources */ = {isa = PBXBuildFile; fileRef = 4781570A266128C8005E1020 /* Assets.xcassets */; };
		4781570E266128C8005E1020 /* LaunchScreen.storyboard in Resources */ = {isa = PBXBuildFile; fileRef = 4781570C266128C8005E1020 /* LaunchScreen.storyboard */; };
		4781573026612ED5005E1020 /* CalendarDate.swift in Sources */ = {isa = PBXBuildFile; fileRef = 4781572F26612ED5005E1020 /* CalendarDate.swift */; };
		4785FD3526620E8700BAAD00 /* InputViewController.swift in Sources */ = {isa = PBXBuildFile; fileRef = 4785FD3426620E8700BAAD00 /* InputViewController.swift */; };
		4786EDC92662878500FF6ADF /* CalendarViewController.swift in Sources */ = {isa = PBXBuildFile; fileRef = 4786EDC82662878500FF6ADF /* CalendarViewController.swift */; };
		478734A927335CA70028A0AD /* ExtensionArray.swift in Sources */ = {isa = PBXBuildFile; fileRef = 478734A827335CA70028A0AD /* ExtensionArray.swift */; };
		478C23162725315300BABDC1 /* AuthFormViewController.swift in Sources */ = {isa = PBXBuildFile; fileRef = 478C23142725315300BABDC1 /* AuthFormViewController.swift */; };
		478C23172725315300BABDC1 /* AuthFormViewController.xib in Resources */ = {isa = PBXBuildFile; fileRef = 478C23152725315300BABDC1 /* AuthFormViewController.xib */; };
		478F93E8273150E400D58719 /* AuthError.swift in Sources */ = {isa = PBXBuildFile; fileRef = 478F93E7273150E400D58719 /* AuthError.swift */; };
		478F93EA2731766500D58719 /* UserInfo.swift in Sources */ = {isa = PBXBuildFile; fileRef = 478F93E92731766500D58719 /* UserInfo.swift */; };
		4799911326F59E4500BD5B38 /* CategoryViewController.swift in Sources */ = {isa = PBXBuildFile; fileRef = 4799911126F59E4500BD5B38 /* CategoryViewController.swift */; };
		4799911426F59E4500BD5B38 /* CategoryViewController.xib in Resources */ = {isa = PBXBuildFile; fileRef = 4799911226F59E4500BD5B38 /* CategoryViewController.xib */; };
		4799911726F59F6400BD5B38 /* CategoryViewModel.swift in Sources */ = {isa = PBXBuildFile; fileRef = 4799911626F59F6400BD5B38 /* CategoryViewModel.swift */; };
		4799911A26F5A0BB00BD5B38 /* CategoryTableViewData.swift in Sources */ = {isa = PBXBuildFile; fileRef = 4799911926F5A0BB00BD5B38 /* CategoryTableViewData.swift */; };
		47A6BFD9270FDCC700698113 /* HowToUseViewController.swift in Sources */ = {isa = PBXBuildFile; fileRef = 47A6BFD7270FDCC700698113 /* HowToUseViewController.swift */; };
		47A6BFDA270FDCC700698113 /* HowToUseViewController.xib in Resources */ = {isa = PBXBuildFile; fileRef = 47A6BFD8270FDCC700698113 /* HowToUseViewController.xib */; };
		47A6BFDD270FDEBC00698113 /* HowToUseViewModel.swift in Sources */ = {isa = PBXBuildFile; fileRef = 47A6BFDC270FDEBC00698113 /* HowToUseViewModel.swift */; };
		47A6BFDF270FDFE900698113 /* HowToUseItem.swift in Sources */ = {isa = PBXBuildFile; fileRef = 47A6BFDE270FDFE900698113 /* HowToUseItem.swift */; };
		47A6BFE3270FE22E00698113 /* HowToUseTableViewDataSource.swift in Sources */ = {isa = PBXBuildFile; fileRef = 47A6BFE2270FE22E00698113 /* HowToUseTableViewDataSource.swift */; };
		47A6BFEF2710531900698113 /* HowToUseTableViewCell.swift in Sources */ = {isa = PBXBuildFile; fileRef = 47A6BFED2710531900698113 /* HowToUseTableViewCell.swift */; };
		47A6BFF02710531900698113 /* HowToUseTableViewCell.xib in Resources */ = {isa = PBXBuildFile; fileRef = 47A6BFEE2710531900698113 /* HowToUseTableViewCell.xib */; };
		47AF02B42717BF6A00085804 /* PieChartView.swift in Sources */ = {isa = PBXBuildFile; fileRef = 47AF02B32717BF6A00085804 /* PieChartView.swift */; };
		47C2910026844FDE0029403B /* CalendarTableViewCell.swift in Sources */ = {isa = PBXBuildFile; fileRef = 47C290FE26844FDE0029403B /* CalendarTableViewCell.swift */; };
		47C2910126844FDE0029403B /* CalendarTableViewCell.xib in Resources */ = {isa = PBXBuildFile; fileRef = 47C290FF26844FDE0029403B /* CalendarTableViewCell.xib */; };
		47C7A35626846712001B8EB4 /* CalendarTableViewHeaderFooterView.swift in Sources */ = {isa = PBXBuildFile; fileRef = 47C7A35526846712001B8EB4 /* CalendarTableViewHeaderFooterView.swift */; };
		47C7A35826846737001B8EB4 /* CalendarTableViewHeaderFooterView.xib in Resources */ = {isa = PBXBuildFile; fileRef = 47C7A35726846737001B8EB4 /* CalendarTableViewHeaderFooterView.xib */; };
		47CC9A6D26F759E600126467 /* CategoryTableViewDataSource.swift in Sources */ = {isa = PBXBuildFile; fileRef = 47CC9A6C26F759E600126467 /* CategoryTableViewDataSource.swift */; };
		47CC9A7026F75BD600126467 /* CategoryTableViewCell.swift in Sources */ = {isa = PBXBuildFile; fileRef = 47CC9A6E26F75BD600126467 /* CategoryTableViewCell.swift */; };
		47CC9A7126F75BD600126467 /* CategoryTableViewCell.xib in Resources */ = {isa = PBXBuildFile; fileRef = 47CC9A6F26F75BD600126467 /* CategoryTableViewCell.xib */; };
		47CC9A7326F76BC700126467 /* CategoryTableViewHeaderView.swift in Sources */ = {isa = PBXBuildFile; fileRef = 47CC9A7226F76BC700126467 /* CategoryTableViewHeaderView.swift */; };
		47CC9A7526F76BEF00126467 /* CategoryTableViewHeaderView.xib in Resources */ = {isa = PBXBuildFile; fileRef = 47CC9A7426F76BEF00126467 /* CategoryTableViewHeaderView.xib */; };
		47CCFDA3274613EC00B887B2 /* Settings.bundle in Resources */ = {isa = PBXBuildFile; fileRef = 47CCFDA2274613EC00B887B2 /* Settings.bundle */; };
		47D5065726F185C900CDA849 /* ExtensionUIImage.swift in Sources */ = {isa = PBXBuildFile; fileRef = 47D5065626F185C900CDA849 /* ExtensionUIImage.swift */; };
		47D5065A26F1863800CDA849 /* BalanceSegmentedControlView.swift in Sources */ = {isa = PBXBuildFile; fileRef = 47D5065926F1863800CDA849 /* BalanceSegmentedControlView.swift */; };
		47DC3EDE26E34E3800693980 /* CalendarViewController.xib in Resources */ = {isa = PBXBuildFile; fileRef = 47DC3EDD26E34E3800693980 /* CalendarViewController.xib */; };
		47DC3EE026E34E6A00693980 /* InputViewController.xib in Resources */ = {isa = PBXBuildFile; fileRef = 47DC3EDF26E34E6A00693980 /* InputViewController.xib */; };
		47DC3EE226E34E8C00693980 /* GraphViewController.xib in Resources */ = {isa = PBXBuildFile; fileRef = 47DC3EE126E34E8C00693980 /* GraphViewController.xib */; };
		47DC3EE726E3928F00693980 /* MainTabBarController.swift in Sources */ = {isa = PBXBuildFile; fileRef = 47DC3EE626E3928F00693980 /* MainTabBarController.swift */; };
		47DC3EEB26E45AC400693980 /* KakeiboModel.swift in Sources */ = {isa = PBXBuildFile; fileRef = 47DC3EEA26E45AC400693980 /* KakeiboModel.swift */; };
		47DC3EED26E45C3B00693980 /* KakeiboData.swift in Sources */ = {isa = PBXBuildFile; fileRef = 47DC3EEC26E45C3B00693980 /* KakeiboData.swift */; };
		47DC3EEF26E4700B00693980 /* ModelLocator.swift in Sources */ = {isa = PBXBuildFile; fileRef = 47DC3EEE26E4700B00693980 /* ModelLocator.swift */; };
		47DC3EF126E4723E00693980 /* CalendarViewModel.swift in Sources */ = {isa = PBXBuildFile; fileRef = 47DC3EF026E4723E00693980 /* CalendarViewModel.swift */; };
		47DC3EF326E4773B00693980 /* CalendarCollectionViewData.swift in Sources */ = {isa = PBXBuildFile; fileRef = 47DC3EF226E4773B00693980 /* CalendarCollectionViewData.swift */; };
		47DC3EF626E4780100693980 /* CalendarTableViewData.swift in Sources */ = {isa = PBXBuildFile; fileRef = 47DC3EF526E4780100693980 /* CalendarTableViewData.swift */; };
		47DC3EFE26E4C30900693980 /* CalendarTableViewDataSource.swift in Sources */ = {isa = PBXBuildFile; fileRef = 47DC3EFD26E4C30900693980 /* CalendarTableViewDataSource.swift */; };
		47DC3F0326E4E8C900693980 /* CalendarCollectionViewDataSource.swift in Sources */ = {isa = PBXBuildFile; fileRef = 47DC3F0226E4E8C900693980 /* CalendarCollectionViewDataSource.swift */; };
		47EB81F2268EFD96008FA088 /* GraphViewController.swift in Sources */ = {isa = PBXBuildFile; fileRef = 47EB81F1268EFD96008FA088 /* GraphViewController.swift */; };
		47EB81F926900D3E008FA088 /* GraphTableViewCell.swift in Sources */ = {isa = PBXBuildFile; fileRef = 47EB81F726900D3E008FA088 /* GraphTableViewCell.swift */; };
		47EB81FA26900D3E008FA088 /* GraphTableViewCell.xib in Resources */ = {isa = PBXBuildFile; fileRef = 47EB81F826900D3E008FA088 /* GraphTableViewCell.xib */; };
		47EBC576271BE8A500BA64F6 /* CategoryModel.swift in Sources */ = {isa = PBXBuildFile; fileRef = 47EBC575271BE8A500BA64F6 /* CategoryModel.swift */; };
		47FCF32227258B3200E3043F /* AuthFormViewModel.swift in Sources */ = {isa = PBXBuildFile; fileRef = 47FCF32127258B3200E3043F /* AuthFormViewModel.swift */; };
		A0FE98566C571733636113B5 /* Pods_KakeiboApp.framework in Frameworks */ = {isa = PBXBuildFile; fileRef = 7724D716AF9168272E123341 /* Pods_KakeiboApp.framework */; };
/* End PBXBuildFile section */

/* Begin PBXFileReference section */
		472189B926EB3AF3006C10EF /* GoogleService-Info.plist */ = {isa = PBXFileReference; fileEncoding = 4; lastKnownFileType = text.plist.xml; path = "GoogleService-Info.plist"; sourceTree = "<group>"; };
		47218A1626EEC679006C10EF /* KakeiboDataRepository.swift */ = {isa = PBXFileReference; lastKnownFileType = sourcecode.swift; path = KakeiboDataRepository.swift; sourceTree = "<group>"; };
		47218A1926EF4AD4006C10EF /* CalendarImageName.swift */ = {isa = PBXFileReference; lastKnownFileType = sourcecode.swift; path = CalendarImageName.swift; sourceTree = "<group>"; };
		472EFDC42704324C00A80640 /* AccountViewController.swift */ = {isa = PBXFileReference; lastKnownFileType = sourcecode.swift; path = AccountViewController.swift; sourceTree = "<group>"; };
		472EFDC52704324C00A80640 /* AccountViewController.xib */ = {isa = PBXFileReference; lastKnownFileType = file.xib; path = AccountViewController.xib; sourceTree = "<group>"; };
		472EFDC9270443F300A80640 /* AccountViewModel.swift */ = {isa = PBXFileReference; lastKnownFileType = sourcecode.swift; path = AccountViewModel.swift; sourceTree = "<group>"; };
		472EFDD2270456F400A80640 /* PasscodeViewController.swift */ = {isa = PBXFileReference; lastKnownFileType = sourcecode.swift; path = PasscodeViewController.swift; sourceTree = "<group>"; };
		472EFDD3270456F400A80640 /* PasscodeViewController.xib */ = {isa = PBXFileReference; lastKnownFileType = file.xib; path = PasscodeViewController.xib; sourceTree = "<group>"; };
		472EFDD6270488A500A80640 /* PasscodeInputButtonView.swift */ = {isa = PBXFileReference; lastKnownFileType = sourcecode.swift; path = PasscodeInputButtonView.swift; sourceTree = "<group>"; };
		472EFDD9270564DD00A80640 /* PasscodeViewModel.swift */ = {isa = PBXFileReference; lastKnownFileType = sourcecode.swift; path = PasscodeViewModel.swift; sourceTree = "<group>"; };
		472EFDDB2705A6DB00A80640 /* PasscodeRepository.swift */ = {isa = PBXFileReference; lastKnownFileType = sourcecode.swift; path = PasscodeRepository.swift; sourceTree = "<group>"; };
		472EFDDE2705EECB00A80640 /* PasscodeObserver.swift */ = {isa = PBXFileReference; lastKnownFileType = sourcecode.swift; path = PasscodeObserver.swift; sourceTree = "<group>"; };
		472F6F532725996A00DB44E9 /* AuthType.swift */ = {isa = PBXFileReference; lastKnownFileType = sourcecode.swift; path = AuthType.swift; sourceTree = "<group>"; };
		4739958326927E6A00BD1286 /* ExtensionUITableViewCell.swift */ = {isa = PBXFileReference; lastKnownFileType = sourcecode.swift; path = ExtensionUITableViewCell.swift; sourceTree = "<group>"; };
		4739958526927F0400BD1286 /* ExtensionUICollectionViewCell.swift */ = {isa = PBXFileReference; lastKnownFileType = sourcecode.swift; path = ExtensionUICollectionViewCell.swift; sourceTree = "<group>"; };
		473995872692BE2500BD1286 /* ExtensionUITableViewHeaderFooterView.swift */ = {isa = PBXFileReference; lastKnownFileType = sourcecode.swift; path = ExtensionUITableViewHeaderFooterView.swift; sourceTree = "<group>"; };
		47436A3826F885D10056F60D /* NumberFormatterUtility.swift */ = {isa = PBXFileReference; lastKnownFileType = sourcecode.swift; path = NumberFormatterUtility.swift; sourceTree = "<group>"; };
		47480071268D5CC10077EC08 /* CalendarWeekdayCollectionViewCell.swift */ = {isa = PBXFileReference; lastKnownFileType = sourcecode.swift; path = CalendarWeekdayCollectionViewCell.swift; sourceTree = "<group>"; };
		47480072268D5CC10077EC08 /* CalendarWeekdayCollectionViewCell.xib */ = {isa = PBXFileReference; lastKnownFileType = file.xib; path = CalendarWeekdayCollectionViewCell.xib; sourceTree = "<group>"; };
		47480075268D5CFE0077EC08 /* CalendarDayCollectionViewCell.swift */ = {isa = PBXFileReference; lastKnownFileType = sourcecode.swift; path = CalendarDayCollectionViewCell.swift; sourceTree = "<group>"; };
		47480076268D5CFE0077EC08 /* CalendarDayCollectionViewCell.xib */ = {isa = PBXFileReference; lastKnownFileType = file.xib; path = CalendarDayCollectionViewCell.xib; sourceTree = "<group>"; };
		474D6B74273F7B1600563B1C /* EmailLinkAuthSuccessViewController.swift */ = {isa = PBXFileReference; lastKnownFileType = sourcecode.swift; path = EmailLinkAuthSuccessViewController.swift; sourceTree = "<group>"; };
		474D6B75273F7B1600563B1C /* EmailLinkAuthSuccessViewController.xib */ = {isa = PBXFileReference; lastKnownFileType = file.xib; path = EmailLinkAuthSuccessViewController.xib; sourceTree = "<group>"; };
		474D6B79273F834600563B1C /* EmailLinkAuthSuccessViewModel.swift */ = {isa = PBXFileReference; lastKnownFileType = sourcecode.swift; path = EmailLinkAuthSuccessViewModel.swift; sourceTree = "<group>"; };
		4773CBE327085F9900C52DE0 /* KeyImageStackView.swift */ = {isa = PBXFileReference; lastKnownFileType = sourcecode.swift; path = KeyImageStackView.swift; sourceTree = "<group>"; };
		4773CBE7270ADB8F00C52DE0 /* BackgroundHighlightedButton.swift */ = {isa = PBXFileReference; lastKnownFileType = sourcecode.swift; path = BackgroundHighlightedButton.swift; sourceTree = "<group>"; };
		4773CBEA270AF7DF00C52DE0 /* CategoryEditViewController.swift */ = {isa = PBXFileReference; lastKnownFileType = sourcecode.swift; path = CategoryEditViewController.swift; sourceTree = "<group>"; };
		4773CBEB270AF7DF00C52DE0 /* CategoryEditViewController.xib */ = {isa = PBXFileReference; lastKnownFileType = file.xib; path = CategoryEditViewController.xib; sourceTree = "<group>"; };
		4773CBF0270B013500C52DE0 /* CategoryEditTableViewCell.swift */ = {isa = PBXFileReference; lastKnownFileType = sourcecode.swift; path = CategoryEditTableViewCell.swift; sourceTree = "<group>"; };
		4773CBF1270B013500C52DE0 /* CategoryEditTableViewCell.xib */ = {isa = PBXFileReference; lastKnownFileType = file.xib; path = CategoryEditTableViewCell.xib; sourceTree = "<group>"; };
		4773CBF4270BD30600C52DE0 /* CategoryData.swift */ = {isa = PBXFileReference; lastKnownFileType = sourcecode.swift; path = CategoryData.swift; sourceTree = "<group>"; };
		4773CBF6270BD77200C52DE0 /* ExtensionUIColor.swift */ = {isa = PBXFileReference; lastKnownFileType = sourcecode.swift; path = ExtensionUIColor.swift; sourceTree = "<group>"; };
		4773CBF9270BDE2400C52DE0 /* CategoryDataRepository.swift */ = {isa = PBXFileReference; lastKnownFileType = sourcecode.swift; path = CategoryDataRepository.swift; sourceTree = "<group>"; };
		4773CBFC270C653000C52DE0 /* CategoryEditViewModel.swift */ = {isa = PBXFileReference; lastKnownFileType = sourcecode.swift; path = CategoryEditViewModel.swift; sourceTree = "<group>"; };
		4773CBFF270C6CF000C52DE0 /* CategoryEditTableViewDataSource.swift */ = {isa = PBXFileReference; lastKnownFileType = sourcecode.swift; path = CategoryEditTableViewDataSource.swift; sourceTree = "<group>"; };
		4773CC22270D24BC00C52DE0 /* CategoryInputViewController.swift */ = {isa = PBXFileReference; lastKnownFileType = sourcecode.swift; path = CategoryInputViewController.swift; sourceTree = "<group>"; };
		4773CC23270D24BC00C52DE0 /* CategoryInputViewController.xib */ = {isa = PBXFileReference; lastKnownFileType = file.xib; path = CategoryInputViewController.xib; sourceTree = "<group>"; };
		4773CC27270D56E400C52DE0 /* CategoryInputViewModel.swift */ = {isa = PBXFileReference; lastKnownFileType = sourcecode.swift; path = CategoryInputViewModel.swift; sourceTree = "<group>"; };
		4773CC29270DF3E900C52DE0 /* GradientLayerView.swift */ = {isa = PBXFileReference; lastKnownFileType = sourcecode.swift; path = GradientLayerView.swift; sourceTree = "<group>"; };
		47793EF726E76ABE0004E5F6 /* InputViewModel.swift */ = {isa = PBXFileReference; lastKnownFileType = sourcecode.swift; path = InputViewModel.swift; sourceTree = "<group>"; };
		47793EF926E781FB0004E5F6 /* DateUtility.swift */ = {isa = PBXFileReference; lastKnownFileType = sourcecode.swift; path = DateUtility.swift; sourceTree = "<group>"; };
		47793EFC26E83FAC0004E5F6 /* GraphViewModel.swift */ = {isa = PBXFileReference; lastKnownFileType = sourcecode.swift; path = GraphViewModel.swift; sourceTree = "<group>"; };
		47793F0726E8770E0004E5F6 /* GraphTableViewDataSource.swift */ = {isa = PBXFileReference; lastKnownFileType = sourcecode.swift; path = GraphTableViewDataSource.swift; sourceTree = "<group>"; };
		47793F0D26E8A3210004E5F6 /* GraphData.swift */ = {isa = PBXFileReference; lastKnownFileType = sourcecode.swift; path = GraphData.swift; sourceTree = "<group>"; };
		477C3F2626E5E3B400FFCB64 /* CalendarColor.xcassets */ = {isa = PBXFileReference; lastKnownFileType = folder.assetcatalog; path = CalendarColor.xcassets; sourceTree = "<group>"; };
		477C3F2826E5E60600FFCB64 /* CalendarColorName.swift */ = {isa = PBXFileReference; lastKnownFileType = sourcecode.swift; path = CalendarColorName.swift; sourceTree = "<group>"; };
		478156FE266128C8005E1020 /* KakeiboApp.app */ = {isa = PBXFileReference; explicitFileType = wrapper.application; includeInIndex = 0; path = KakeiboApp.app; sourceTree = BUILT_PRODUCTS_DIR; };
		47815701266128C8005E1020 /* AppDelegate.swift */ = {isa = PBXFileReference; lastKnownFileType = sourcecode.swift; path = AppDelegate.swift; sourceTree = "<group>"; };
		47815703266128C8005E1020 /* SceneDelegate.swift */ = {isa = PBXFileReference; lastKnownFileType = sourcecode.swift; path = SceneDelegate.swift; sourceTree = "<group>"; };
		4781570A266128C8005E1020 /* Assets.xcassets */ = {isa = PBXFileReference; lastKnownFileType = folder.assetcatalog; path = Assets.xcassets; sourceTree = "<group>"; };
		4781570D266128C8005E1020 /* Base */ = {isa = PBXFileReference; lastKnownFileType = file.storyboard; name = Base; path = Base.lproj/LaunchScreen.storyboard; sourceTree = "<group>"; };
		4781570F266128C8005E1020 /* Info.plist */ = {isa = PBXFileReference; lastKnownFileType = text.plist.xml; path = Info.plist; sourceTree = "<group>"; };
		4781572F26612ED5005E1020 /* CalendarDate.swift */ = {isa = PBXFileReference; lastKnownFileType = sourcecode.swift; path = CalendarDate.swift; sourceTree = "<group>"; };
		4785FD3426620E8700BAAD00 /* InputViewController.swift */ = {isa = PBXFileReference; lastKnownFileType = sourcecode.swift; path = InputViewController.swift; sourceTree = "<group>"; };
		4786EDC82662878500FF6ADF /* CalendarViewController.swift */ = {isa = PBXFileReference; lastKnownFileType = sourcecode.swift; path = CalendarViewController.swift; sourceTree = "<group>"; };
		478734A827335CA70028A0AD /* ExtensionArray.swift */ = {isa = PBXFileReference; lastKnownFileType = sourcecode.swift; path = ExtensionArray.swift; sourceTree = "<group>"; };
		478734AB2734E4300028A0AD /* KakeiboApp.entitlements */ = {isa = PBXFileReference; lastKnownFileType = text.plist.entitlements; path = KakeiboApp.entitlements; sourceTree = "<group>"; };
		478C23142725315300BABDC1 /* AuthFormViewController.swift */ = {isa = PBXFileReference; lastKnownFileType = sourcecode.swift; path = AuthFormViewController.swift; sourceTree = "<group>"; };
		478C23152725315300BABDC1 /* AuthFormViewController.xib */ = {isa = PBXFileReference; lastKnownFileType = file.xib; path = AuthFormViewController.xib; sourceTree = "<group>"; };
		478F93E7273150E400D58719 /* AuthError.swift */ = {isa = PBXFileReference; lastKnownFileType = sourcecode.swift; path = AuthError.swift; sourceTree = "<group>"; };
		478F93E92731766500D58719 /* UserInfo.swift */ = {isa = PBXFileReference; lastKnownFileType = sourcecode.swift; path = UserInfo.swift; sourceTree = "<group>"; };
		4799911126F59E4500BD5B38 /* CategoryViewController.swift */ = {isa = PBXFileReference; lastKnownFileType = sourcecode.swift; path = CategoryViewController.swift; sourceTree = "<group>"; };
		4799911226F59E4500BD5B38 /* CategoryViewController.xib */ = {isa = PBXFileReference; lastKnownFileType = file.xib; path = CategoryViewController.xib; sourceTree = "<group>"; };
		4799911626F59F6400BD5B38 /* CategoryViewModel.swift */ = {isa = PBXFileReference; lastKnownFileType = sourcecode.swift; path = CategoryViewModel.swift; sourceTree = "<group>"; };
		4799911926F5A0BB00BD5B38 /* CategoryTableViewData.swift */ = {isa = PBXFileReference; lastKnownFileType = sourcecode.swift; path = CategoryTableViewData.swift; sourceTree = "<group>"; };
		47A6BFD7270FDCC700698113 /* HowToUseViewController.swift */ = {isa = PBXFileReference; lastKnownFileType = sourcecode.swift; path = HowToUseViewController.swift; sourceTree = "<group>"; };
		47A6BFD8270FDCC700698113 /* HowToUseViewController.xib */ = {isa = PBXFileReference; lastKnownFileType = file.xib; path = HowToUseViewController.xib; sourceTree = "<group>"; };
		47A6BFDC270FDEBC00698113 /* HowToUseViewModel.swift */ = {isa = PBXFileReference; lastKnownFileType = sourcecode.swift; path = HowToUseViewModel.swift; sourceTree = "<group>"; };
		47A6BFDE270FDFE900698113 /* HowToUseItem.swift */ = {isa = PBXFileReference; lastKnownFileType = sourcecode.swift; path = HowToUseItem.swift; sourceTree = "<group>"; };
		47A6BFE2270FE22E00698113 /* HowToUseTableViewDataSource.swift */ = {isa = PBXFileReference; lastKnownFileType = sourcecode.swift; path = HowToUseTableViewDataSource.swift; sourceTree = "<group>"; };
		47A6BFED2710531900698113 /* HowToUseTableViewCell.swift */ = {isa = PBXFileReference; lastKnownFileType = sourcecode.swift; path = HowToUseTableViewCell.swift; sourceTree = "<group>"; };
		47A6BFEE2710531900698113 /* HowToUseTableViewCell.xib */ = {isa = PBXFileReference; lastKnownFileType = file.xib; path = HowToUseTableViewCell.xib; sourceTree = "<group>"; };
		47AF02B32717BF6A00085804 /* PieChartView.swift */ = {isa = PBXFileReference; lastKnownFileType = sourcecode.swift; path = PieChartView.swift; sourceTree = "<group>"; };
		47C290FE26844FDE0029403B /* CalendarTableViewCell.swift */ = {isa = PBXFileReference; lastKnownFileType = sourcecode.swift; path = CalendarTableViewCell.swift; sourceTree = "<group>"; };
		47C290FF26844FDE0029403B /* CalendarTableViewCell.xib */ = {isa = PBXFileReference; lastKnownFileType = file.xib; path = CalendarTableViewCell.xib; sourceTree = "<group>"; };
		47C7A35526846712001B8EB4 /* CalendarTableViewHeaderFooterView.swift */ = {isa = PBXFileReference; lastKnownFileType = sourcecode.swift; path = CalendarTableViewHeaderFooterView.swift; sourceTree = "<group>"; };
		47C7A35726846737001B8EB4 /* CalendarTableViewHeaderFooterView.xib */ = {isa = PBXFileReference; lastKnownFileType = file.xib; path = CalendarTableViewHeaderFooterView.xib; sourceTree = "<group>"; };
		47CC9A6C26F759E600126467 /* CategoryTableViewDataSource.swift */ = {isa = PBXFileReference; lastKnownFileType = sourcecode.swift; path = CategoryTableViewDataSource.swift; sourceTree = "<group>"; };
		47CC9A6E26F75BD600126467 /* CategoryTableViewCell.swift */ = {isa = PBXFileReference; lastKnownFileType = sourcecode.swift; path = CategoryTableViewCell.swift; sourceTree = "<group>"; };
		47CC9A6F26F75BD600126467 /* CategoryTableViewCell.xib */ = {isa = PBXFileReference; lastKnownFileType = file.xib; path = CategoryTableViewCell.xib; sourceTree = "<group>"; };
		47CC9A7226F76BC700126467 /* CategoryTableViewHeaderView.swift */ = {isa = PBXFileReference; lastKnownFileType = sourcecode.swift; path = CategoryTableViewHeaderView.swift; sourceTree = "<group>"; };
		47CC9A7426F76BEF00126467 /* CategoryTableViewHeaderView.xib */ = {isa = PBXFileReference; lastKnownFileType = file.xib; path = CategoryTableViewHeaderView.xib; sourceTree = "<group>"; };
		47CCFDA2274613EC00B887B2 /* Settings.bundle */ = {isa = PBXFileReference; lastKnownFileType = "wrapper.plug-in"; path = Settings.bundle; sourceTree = "<group>"; };
		47D5065626F185C900CDA849 /* ExtensionUIImage.swift */ = {isa = PBXFileReference; lastKnownFileType = sourcecode.swift; path = ExtensionUIImage.swift; sourceTree = "<group>"; };
		47D5065926F1863800CDA849 /* BalanceSegmentedControlView.swift */ = {isa = PBXFileReference; lastKnownFileType = sourcecode.swift; path = BalanceSegmentedControlView.swift; sourceTree = "<group>"; };
		47DC3EDD26E34E3800693980 /* CalendarViewController.xib */ = {isa = PBXFileReference; lastKnownFileType = file.xib; path = CalendarViewController.xib; sourceTree = "<group>"; };
		47DC3EDF26E34E6A00693980 /* InputViewController.xib */ = {isa = PBXFileReference; lastKnownFileType = file.xib; path = InputViewController.xib; sourceTree = "<group>"; };
		47DC3EE126E34E8C00693980 /* GraphViewController.xib */ = {isa = PBXFileReference; lastKnownFileType = file.xib; path = GraphViewController.xib; sourceTree = "<group>"; };
		47DC3EE626E3928F00693980 /* MainTabBarController.swift */ = {isa = PBXFileReference; lastKnownFileType = sourcecode.swift; path = MainTabBarController.swift; sourceTree = "<group>"; };
		47DC3EEA26E45AC400693980 /* KakeiboModel.swift */ = {isa = PBXFileReference; lastKnownFileType = sourcecode.swift; path = KakeiboModel.swift; sourceTree = "<group>"; };
		47DC3EEC26E45C3B00693980 /* KakeiboData.swift */ = {isa = PBXFileReference; lastKnownFileType = sourcecode.swift; path = KakeiboData.swift; sourceTree = "<group>"; };
		47DC3EEE26E4700B00693980 /* ModelLocator.swift */ = {isa = PBXFileReference; lastKnownFileType = sourcecode.swift; path = ModelLocator.swift; sourceTree = "<group>"; };
		47DC3EF026E4723E00693980 /* CalendarViewModel.swift */ = {isa = PBXFileReference; lastKnownFileType = sourcecode.swift; path = CalendarViewModel.swift; sourceTree = "<group>"; };
		47DC3EF226E4773B00693980 /* CalendarCollectionViewData.swift */ = {isa = PBXFileReference; lastKnownFileType = sourcecode.swift; path = CalendarCollectionViewData.swift; sourceTree = "<group>"; };
		47DC3EF526E4780100693980 /* CalendarTableViewData.swift */ = {isa = PBXFileReference; lastKnownFileType = sourcecode.swift; path = CalendarTableViewData.swift; sourceTree = "<group>"; };
		47DC3EFD26E4C30900693980 /* CalendarTableViewDataSource.swift */ = {isa = PBXFileReference; lastKnownFileType = sourcecode.swift; path = CalendarTableViewDataSource.swift; sourceTree = "<group>"; };
		47DC3F0226E4E8C900693980 /* CalendarCollectionViewDataSource.swift */ = {isa = PBXFileReference; lastKnownFileType = sourcecode.swift; path = CalendarCollectionViewDataSource.swift; sourceTree = "<group>"; };
		47EB81F1268EFD96008FA088 /* GraphViewController.swift */ = {isa = PBXFileReference; lastKnownFileType = sourcecode.swift; path = GraphViewController.swift; sourceTree = "<group>"; };
		47EB81F726900D3E008FA088 /* GraphTableViewCell.swift */ = {isa = PBXFileReference; lastKnownFileType = sourcecode.swift; path = GraphTableViewCell.swift; sourceTree = "<group>"; };
		47EB81F826900D3E008FA088 /* GraphTableViewCell.xib */ = {isa = PBXFileReference; lastKnownFileType = file.xib; path = GraphTableViewCell.xib; sourceTree = "<group>"; };
		47EBC575271BE8A500BA64F6 /* CategoryModel.swift */ = {isa = PBXFileReference; lastKnownFileType = sourcecode.swift; path = CategoryModel.swift; sourceTree = "<group>"; };
		47FCF32127258B3200E3043F /* AuthFormViewModel.swift */ = {isa = PBXFileReference; lastKnownFileType = sourcecode.swift; path = AuthFormViewModel.swift; sourceTree = "<group>"; };
		4CA78BE969024FB289D67417 /* Pods-KakeiboApp.release.xcconfig */ = {isa = PBXFileReference; includeInIndex = 1; lastKnownFileType = text.xcconfig; name = "Pods-KakeiboApp.release.xcconfig"; path = "Target Support Files/Pods-KakeiboApp/Pods-KakeiboApp.release.xcconfig"; sourceTree = "<group>"; };
		7724D716AF9168272E123341 /* Pods_KakeiboApp.framework */ = {isa = PBXFileReference; explicitFileType = wrapper.framework; includeInIndex = 0; path = Pods_KakeiboApp.framework; sourceTree = BUILT_PRODUCTS_DIR; };
		8374A06BF5FB26D14592739D /* Pods-KakeiboApp.debug.xcconfig */ = {isa = PBXFileReference; includeInIndex = 1; lastKnownFileType = text.xcconfig; name = "Pods-KakeiboApp.debug.xcconfig"; path = "Target Support Files/Pods-KakeiboApp/Pods-KakeiboApp.debug.xcconfig"; sourceTree = "<group>"; };
/* End PBXFileReference section */

/* Begin PBXFrameworksBuildPhase section */
		478156FB266128C8005E1020 /* Frameworks */ = {
			isa = PBXFrameworksBuildPhase;
			buildActionMask = 2147483647;
			files = (
				A0FE98566C571733636113B5 /* Pods_KakeiboApp.framework in Frameworks */,
			);
			runOnlyForDeploymentPostprocessing = 0;
		};
/* End PBXFrameworksBuildPhase section */

/* Begin PBXGroup section */
		42EE7307A682EE180F9C5FAD /* Pods */ = {
			isa = PBXGroup;
			children = (
				8374A06BF5FB26D14592739D /* Pods-KakeiboApp.debug.xcconfig */,
				4CA78BE969024FB289D67417 /* Pods-KakeiboApp.release.xcconfig */,
			);
			path = Pods;
			sourceTree = "<group>";
		};
		47218A1526EEC64F006C10EF /* DataRepository */ = {
			isa = PBXGroup;
			children = (
				47218A1626EEC679006C10EF /* KakeiboDataRepository.swift */,
				472EFDDB2705A6DB00A80640 /* PasscodeRepository.swift */,
				4773CBF9270BDE2400C52DE0 /* CategoryDataRepository.swift */,
			);
			path = DataRepository;
			sourceTree = "<group>";
		};
		47218A1826EF4AB0006C10EF /* ImageName */ = {
			isa = PBXGroup;
			children = (
				47218A1926EF4AD4006C10EF /* CalendarImageName.swift */,
			);
			path = ImageName;
			sourceTree = "<group>";
		};
		472EFDC82704418600A80640 /* Account */ = {
			isa = PBXGroup;
			children = (
				472EFDC9270443F300A80640 /* AccountViewModel.swift */,
				472EFDC52704324C00A80640 /* AccountViewController.xib */,
				472EFDC42704324C00A80640 /* AccountViewController.swift */,
				4773CBE7270ADB8F00C52DE0 /* BackgroundHighlightedButton.swift */,
			);
			path = Account;
			sourceTree = "<group>";
		};
		472EFDCB2704525D00A80640 /* CalendarScreen */ = {
			isa = PBXGroup;
			children = (
				47DC3EF726E4AEBF00693980 /* Calendar */,
				47793EF626E76A8C0004E5F6 /* Input */,
			);
			path = CalendarScreen;
			sourceTree = "<group>";
		};
		472EFDCC2704536100A80640 /* GraphScreen */ = {
			isa = PBXGroup;
			children = (
				47793EFB26E83F770004E5F6 /* Graph */,
				4799911526F59F3800BD5B38 /* Category */,
			);
			path = GraphScreen;
			sourceTree = "<group>";
		};
		472EFDCD2704538700A80640 /* AccountScreen */ = {
			isa = PBXGroup;
			children = (
				472EFDC82704418600A80640 /* Account */,
				47FCF32027258AC200E3043F /* AuthForm */,
				472EFDD82705648A00A80640 /* Passcode */,
				4773CBFB270C650000C52DE0 /* CategoryEdit */,
				47A6BFDB270FDE8400698113 /* HowToUseViewModel */,
				472EFDDD2705EE8F00A80640 /* Observer */,
			);
			path = AccountScreen;
			sourceTree = "<group>";
		};
		472EFDD82705648A00A80640 /* Passcode */ = {
			isa = PBXGroup;
			children = (
				472EFDD9270564DD00A80640 /* PasscodeViewModel.swift */,
				472EFDD3270456F400A80640 /* PasscodeViewController.xib */,
				472EFDD2270456F400A80640 /* PasscodeViewController.swift */,
				472EFDD6270488A500A80640 /* PasscodeInputButtonView.swift */,
				4773CBE327085F9900C52DE0 /* KeyImageStackView.swift */,
			);
			path = Passcode;
			sourceTree = "<group>";
		};
		472EFDDD2705EE8F00A80640 /* Observer */ = {
			isa = PBXGroup;
			children = (
				472EFDDE2705EECB00A80640 /* PasscodeObserver.swift */,
			);
			path = Observer;
			sourceTree = "<group>";
		};
		4748006F268D5C1D0077EC08 /* TableView */ = {
			isa = PBXGroup;
			children = (
				47DC3EFC26E4C2ED00693980 /* DataSource */,
				47DC3EFB26E4C2DF00693980 /* Cell */,
				47DC3EFA26E4C2CD00693980 /* HeaderFooter */,
			);
			path = TableView;
			sourceTree = "<group>";
		};
		47480070268D5C5F0077EC08 /* CollectionView */ = {
			isa = PBXGroup;
			children = (
				47DC3F0126E4E8A400693980 /* DataSource */,
				47DC3EFF26E4E83600693980 /* Cell */,
			);
			path = CollectionView;
			sourceTree = "<group>";
		};
		474D6B78273F832A00563B1C /* EmailLinkAuthSuccess */ = {
			isa = PBXGroup;
			children = (
				474D6B79273F834600563B1C /* EmailLinkAuthSuccessViewModel.swift */,
				474D6B75273F7B1600563B1C /* EmailLinkAuthSuccessViewController.xib */,
				474D6B74273F7B1600563B1C /* EmailLinkAuthSuccessViewController.swift */,
			);
			path = EmailLinkAuthSuccess;
			sourceTree = "<group>";
		};
		4773CBEE270B00E300C52DE0 /* TableView */ = {
			isa = PBXGroup;
			children = (
				4773CBFE270C6C9F00C52DE0 /* DataSource */,
				4773CBEF270B00F900C52DE0 /* Cell */,
			);
			path = TableView;
			sourceTree = "<group>";
		};
		4773CBEF270B00F900C52DE0 /* Cell */ = {
			isa = PBXGroup;
			children = (
				4773CBF0270B013500C52DE0 /* CategoryEditTableViewCell.swift */,
				4773CBF1270B013500C52DE0 /* CategoryEditTableViewCell.xib */,
			);
			path = Cell;
			sourceTree = "<group>";
		};
		4773CBFB270C650000C52DE0 /* CategoryEdit */ = {
			isa = PBXGroup;
			children = (
				4773CBFC270C653000C52DE0 /* CategoryEditViewModel.swift */,
				4773CBEB270AF7DF00C52DE0 /* CategoryEditViewController.xib */,
				4773CBEA270AF7DF00C52DE0 /* CategoryEditViewController.swift */,
				4773CBEE270B00E300C52DE0 /* TableView */,
				4773CC26270D56B900C52DE0 /* CategoryInput */,
			);
			path = CategoryEdit;
			sourceTree = "<group>";
		};
		4773CBFE270C6C9F00C52DE0 /* DataSource */ = {
			isa = PBXGroup;
			children = (
				4773CBFF270C6CF000C52DE0 /* CategoryEditTableViewDataSource.swift */,
			);
			path = DataSource;
			sourceTree = "<group>";
		};
		4773CC26270D56B900C52DE0 /* CategoryInput */ = {
			isa = PBXGroup;
			children = (
				4773CC27270D56E400C52DE0 /* CategoryInputViewModel.swift */,
				4773CC23270D24BC00C52DE0 /* CategoryInputViewController.xib */,
				4773CC22270D24BC00C52DE0 /* CategoryInputViewController.swift */,
				4773CC29270DF3E900C52DE0 /* GradientLayerView.swift */,
			);
			path = CategoryInput;
			sourceTree = "<group>";
		};
		47793EF626E76A8C0004E5F6 /* Input */ = {
			isa = PBXGroup;
			children = (
				47793EF726E76ABE0004E5F6 /* InputViewModel.swift */,
				47DC3EDF26E34E6A00693980 /* InputViewController.xib */,
				4785FD3426620E8700BAAD00 /* InputViewController.swift */,
			);
			path = Input;
			sourceTree = "<group>";
		};
		47793EFB26E83F770004E5F6 /* Graph */ = {
			isa = PBXGroup;
			children = (
				47793EFC26E83FAC0004E5F6 /* GraphViewModel.swift */,
				47DC3EE126E34E8C00693980 /* GraphViewController.xib */,
				47EB81F1268EFD96008FA088 /* GraphViewController.swift */,
				47AF02B32717BF6A00085804 /* PieChartView.swift */,
				47DC3EE826E44D5600693980 /* TableView */,
				47793EFE26E84B730004E5F6 /* GraphData */,
			);
			path = Graph;
			sourceTree = "<group>";
		};
		47793EFE26E84B730004E5F6 /* GraphData */ = {
			isa = PBXGroup;
			children = (
				47793F0D26E8A3210004E5F6 /* GraphData.swift */,
			);
			path = GraphData;
			sourceTree = "<group>";
		};
		47793F0426E876B10004E5F6 /* Cell */ = {
			isa = PBXGroup;
			children = (
				47EB81F726900D3E008FA088 /* GraphTableViewCell.swift */,
				47EB81F826900D3E008FA088 /* GraphTableViewCell.xib */,
			);
			path = Cell;
			sourceTree = "<group>";
		};
		47793F0626E876D80004E5F6 /* DataSource */ = {
			isa = PBXGroup;
			children = (
				47793F0726E8770E0004E5F6 /* GraphTableViewDataSource.swift */,
			);
			path = DataSource;
			sourceTree = "<group>";
		};
		478156F5266128C8005E1020 = {
			isa = PBXGroup;
			children = (
				47815700266128C8005E1020 /* KakeiboApp */,
				478156FF266128C8005E1020 /* Products */,
				42EE7307A682EE180F9C5FAD /* Pods */,
				F80E1A3A0C6B7344DB421BF8 /* Frameworks */,
				472189B926EB3AF3006C10EF /* GoogleService-Info.plist */,
			);
			sourceTree = "<group>";
		};
		478156FF266128C8005E1020 /* Products */ = {
			isa = PBXGroup;
			children = (
				478156FE266128C8005E1020 /* KakeiboApp.app */,
			);
			name = Products;
			sourceTree = "<group>";
		};
		47815700266128C8005E1020 /* KakeiboApp */ = {
			isa = PBXGroup;
			children = (
				47CCFDA2274613EC00B887B2 /* Settings.bundle */,
				478734AB2734E4300028A0AD /* KakeiboApp.entitlements */,
				47CC7D1D26E9F8590049C488 /* Assets */,
				47DC3EDC26E34DDF00693980 /* Model */,
				472EFDCB2704525D00A80640 /* CalendarScreen */,
				472EFDCC2704536100A80640 /* GraphScreen */,
				472EFDCD2704538700A80640 /* AccountScreen */,
				47DC3EDA26E34DB300693980 /* PartsView */,
				47DC3EE926E44D8600693980 /* Utility */,
				47DC3EE626E3928F00693980 /* MainTabBarController.swift */,
				47815701266128C8005E1020 /* AppDelegate.swift */,
				47815703266128C8005E1020 /* SceneDelegate.swift */,
				4781570C266128C8005E1020 /* LaunchScreen.storyboard */,
				4781570F266128C8005E1020 /* Info.plist */,
			);
			path = KakeiboApp;
			sourceTree = "<group>";
		};
		4781572326612CEE005E1020 /* Extension */ = {
			isa = PBXGroup;
			children = (
				4739958526927F0400BD1286 /* ExtensionUICollectionViewCell.swift */,
				473995872692BE2500BD1286 /* ExtensionUITableViewHeaderFooterView.swift */,
				4739958326927E6A00BD1286 /* ExtensionUITableViewCell.swift */,
				47D5065626F185C900CDA849 /* ExtensionUIImage.swift */,
				4773CBF6270BD77200C52DE0 /* ExtensionUIColor.swift */,
				478734A827335CA70028A0AD /* ExtensionArray.swift */,
			);
			path = Extension;
			sourceTree = "<group>";
		};
		47898BB326E6661600497613 /* ColorName */ = {
			isa = PBXGroup;
			children = (
				477C3F2826E5E60600FFCB64 /* CalendarColorName.swift */,
			);
			path = ColorName;
			sourceTree = "<group>";
		};
		4799911526F59F3800BD5B38 /* Category */ = {
			isa = PBXGroup;
			children = (
				4799911626F59F6400BD5B38 /* CategoryViewModel.swift */,
				4799911226F59E4500BD5B38 /* CategoryViewController.xib */,
				4799911126F59E4500BD5B38 /* CategoryViewController.swift */,
				47CC9A6826F7597900126467 /* TableView */,
				4799911826F5A08900BD5B38 /* CategoryData */,
			);
			path = Category;
			sourceTree = "<group>";
		};
		4799911826F5A08900BD5B38 /* CategoryData */ = {
			isa = PBXGroup;
			children = (
				4799911926F5A0BB00BD5B38 /* CategoryTableViewData.swift */,
			);
			path = CategoryData;
			sourceTree = "<group>";
		};
		47A6BFDB270FDE8400698113 /* HowToUseViewModel */ = {
			isa = PBXGroup;
			children = (
				47A6BFDC270FDEBC00698113 /* HowToUseViewModel.swift */,
				47A6BFD8270FDCC700698113 /* HowToUseViewController.xib */,
				47A6BFD7270FDCC700698113 /* HowToUseViewController.swift */,
				47A6BFDE270FDFE900698113 /* HowToUseItem.swift */,
				47A6BFE0270FE1D800698113 /* TableView */,
			);
			path = HowToUseViewModel;
			sourceTree = "<group>";
		};
		47A6BFE0270FE1D800698113 /* TableView */ = {
			isa = PBXGroup;
			children = (
				47A6BFE1270FE1EB00698113 /* DataSource */,
				47A6BFE4270FE3D700698113 /* Cell */,
			);
			path = TableView;
			sourceTree = "<group>";
		};
		47A6BFE1270FE1EB00698113 /* DataSource */ = {
			isa = PBXGroup;
			children = (
				47A6BFE2270FE22E00698113 /* HowToUseTableViewDataSource.swift */,
			);
			path = DataSource;
			sourceTree = "<group>";
		};
		47A6BFE4270FE3D700698113 /* Cell */ = {
			isa = PBXGroup;
			children = (
				47A6BFED2710531900698113 /* HowToUseTableViewCell.swift */,
				47A6BFEE2710531900698113 /* HowToUseTableViewCell.xib */,
			);
			path = Cell;
			sourceTree = "<group>";
		};
		47CC7D1D26E9F8590049C488 /* Assets */ = {
			isa = PBXGroup;
			children = (
				4781570A266128C8005E1020 /* Assets.xcassets */,
				477C3F2626E5E3B400FFCB64 /* CalendarColor.xcassets */,
			);
			path = Assets;
			sourceTree = "<group>";
		};
		47CC9A6826F7597900126467 /* TableView */ = {
			isa = PBXGroup;
			children = (
				47CC9A6926F7598C00126467 /* DataSource */,
				47CC9A6A26F7599C00126467 /* Cell */,
				47CC9A6B26F759A400126467 /* HeaderFooter */,
			);
			path = TableView;
			sourceTree = "<group>";
		};
		47CC9A6926F7598C00126467 /* DataSource */ = {
			isa = PBXGroup;
			children = (
				47CC9A6C26F759E600126467 /* CategoryTableViewDataSource.swift */,
			);
			path = DataSource;
			sourceTree = "<group>";
		};
		47CC9A6A26F7599C00126467 /* Cell */ = {
			isa = PBXGroup;
			children = (
				47CC9A6E26F75BD600126467 /* CategoryTableViewCell.swift */,
				47CC9A6F26F75BD600126467 /* CategoryTableViewCell.xib */,
			);
			path = Cell;
			sourceTree = "<group>";
		};
		47CC9A6B26F759A400126467 /* HeaderFooter */ = {
			isa = PBXGroup;
			children = (
				47CC9A7226F76BC700126467 /* CategoryTableViewHeaderView.swift */,
				47CC9A7426F76BEF00126467 /* CategoryTableViewHeaderView.xib */,
			);
			path = HeaderFooter;
			sourceTree = "<group>";
		};
		47DC3EDA26E34DB300693980 /* PartsView */ = {
			isa = PBXGroup;
			children = (
				47D5065926F1863800CDA849 /* BalanceSegmentedControlView.swift */,
			);
			path = PartsView;
			sourceTree = "<group>";
		};
		47DC3EDC26E34DDF00693980 /* Model */ = {
			isa = PBXGroup;
			children = (
				47DC3EEE26E4700B00693980 /* ModelLocator.swift */,
				47DC3EEA26E45AC400693980 /* KakeiboModel.swift */,
				4781572F26612ED5005E1020 /* CalendarDate.swift */,
				472F6F532725996A00DB44E9 /* AuthType.swift */,
				47EBC575271BE8A500BA64F6 /* CategoryModel.swift */,
				47DC3EEC26E45C3B00693980 /* KakeiboData.swift */,
				4773CBF4270BD30600C52DE0 /* CategoryData.swift */,
				478F93E7273150E400D58719 /* AuthError.swift */,
				478F93E92731766500D58719 /* UserInfo.swift */,
				47218A1526EEC64F006C10EF /* DataRepository */,
			);
			path = Model;
			sourceTree = "<group>";
		};
		47DC3EE826E44D5600693980 /* TableView */ = {
			isa = PBXGroup;
			children = (
				47793F0626E876D80004E5F6 /* DataSource */,
				47793F0426E876B10004E5F6 /* Cell */,
			);
			path = TableView;
			sourceTree = "<group>";
		};
		47DC3EE926E44D8600693980 /* Utility */ = {
			isa = PBXGroup;
			children = (
				47218A1826EF4AB0006C10EF /* ImageName */,
				47898BB326E6661600497613 /* ColorName */,
				4781572326612CEE005E1020 /* Extension */,
				47793EF926E781FB0004E5F6 /* DateUtility.swift */,
				47436A3826F885D10056F60D /* NumberFormatterUtility.swift */,
			);
			path = Utility;
			sourceTree = "<group>";
		};
		47DC3EF426E477E300693980 /* CalendarData */ = {
			isa = PBXGroup;
			children = (
				47DC3EF226E4773B00693980 /* CalendarCollectionViewData.swift */,
				47DC3EF526E4780100693980 /* CalendarTableViewData.swift */,
			);
			path = CalendarData;
			sourceTree = "<group>";
		};
		47DC3EF726E4AEBF00693980 /* Calendar */ = {
			isa = PBXGroup;
			children = (
				47DC3EF026E4723E00693980 /* CalendarViewModel.swift */,
				47DC3EDD26E34E3800693980 /* CalendarViewController.xib */,
				4786EDC82662878500FF6ADF /* CalendarViewController.swift */,
				4748006F268D5C1D0077EC08 /* TableView */,
				47480070268D5C5F0077EC08 /* CollectionView */,
				47DC3EF426E477E300693980 /* CalendarData */,
			);
			path = Calendar;
			sourceTree = "<group>";
		};
		47DC3EFA26E4C2CD00693980 /* HeaderFooter */ = {
			isa = PBXGroup;
			children = (
				47C7A35726846737001B8EB4 /* CalendarTableViewHeaderFooterView.xib */,
				47C7A35526846712001B8EB4 /* CalendarTableViewHeaderFooterView.swift */,
			);
			path = HeaderFooter;
			sourceTree = "<group>";
		};
		47DC3EFB26E4C2DF00693980 /* Cell */ = {
			isa = PBXGroup;
			children = (
				47C290FF26844FDE0029403B /* CalendarTableViewCell.xib */,
				47C290FE26844FDE0029403B /* CalendarTableViewCell.swift */,
			);
			path = Cell;
			sourceTree = "<group>";
		};
		47DC3EFC26E4C2ED00693980 /* DataSource */ = {
			isa = PBXGroup;
			children = (
				47DC3EFD26E4C30900693980 /* CalendarTableViewDataSource.swift */,
			);
			path = DataSource;
			sourceTree = "<group>";
		};
		47DC3EFF26E4E83600693980 /* Cell */ = {
			isa = PBXGroup;
			children = (
				47480076268D5CFE0077EC08 /* CalendarDayCollectionViewCell.xib */,
				47480075268D5CFE0077EC08 /* CalendarDayCollectionViewCell.swift */,
				47480072268D5CC10077EC08 /* CalendarWeekdayCollectionViewCell.xib */,
				47480071268D5CC10077EC08 /* CalendarWeekdayCollectionViewCell.swift */,
			);
			path = Cell;
			sourceTree = "<group>";
		};
		47DC3F0126E4E8A400693980 /* DataSource */ = {
			isa = PBXGroup;
			children = (
				47DC3F0226E4E8C900693980 /* CalendarCollectionViewDataSource.swift */,
			);
			path = DataSource;
			sourceTree = "<group>";
		};
		47FCF32027258AC200E3043F /* AuthForm */ = {
			isa = PBXGroup;
			children = (
				47FCF32127258B3200E3043F /* AuthFormViewModel.swift */,
				478C23152725315300BABDC1 /* AuthFormViewController.xib */,
				478C23142725315300BABDC1 /* AuthFormViewController.swift */,
				474D6B78273F832A00563B1C /* EmailLinkAuthSuccess */,
			);
			path = AuthForm;
			sourceTree = "<group>";
		};
		F80E1A3A0C6B7344DB421BF8 /* Frameworks */ = {
			isa = PBXGroup;
			children = (
				7724D716AF9168272E123341 /* Pods_KakeiboApp.framework */,
			);
			name = Frameworks;
			sourceTree = "<group>";
		};
/* End PBXGroup section */

/* Begin PBXNativeTarget section */
		478156FD266128C8005E1020 /* KakeiboApp */ = {
			isa = PBXNativeTarget;
			buildConfigurationList = 47815712266128C8005E1020 /* Build configuration list for PBXNativeTarget "KakeiboApp" */;
			buildPhases = (
				D777A9B962C71507BE0EAD5E /* [CP] Check Pods Manifest.lock */,
				478156FA266128C8005E1020 /* Sources */,
				478156FB266128C8005E1020 /* Frameworks */,
				478156FC266128C8005E1020 /* Resources */,
				88D6DF58DD4D02A3FD4570AD /* [CP] Embed Pods Frameworks */,
				47A1E1F127393EC000A8BCCC /* ShellScript */,
				47CCFDA12746138F00B887B2 /* ShellScript */,
				47DD66342746317F00A96F9B /* ShellScript */,
				478734AA273392D10028A0AD /* ShellScript */,
			);
			buildRules = (
			);
			dependencies = (
			);
			name = KakeiboApp;
			productName = KakeiboApp;
			productReference = 478156FE266128C8005E1020 /* KakeiboApp.app */;
			productType = "com.apple.product-type.application";
		};
/* End PBXNativeTarget section */

/* Begin PBXProject section */
		478156F6266128C8005E1020 /* Project object */ = {
			isa = PBXProject;
			attributes = {
				LastSwiftUpdateCheck = 1240;
				LastUpgradeCheck = 1300;
				TargetAttributes = {
					478156FD266128C8005E1020 = {
						CreatedOnToolsVersion = 12.4;
					};
				};
			};
			buildConfigurationList = 478156F9266128C8005E1020 /* Build configuration list for PBXProject "KakeiboApp" */;
			compatibilityVersion = "Xcode 9.3";
			developmentRegion = en;
			hasScannedForEncodings = 0;
			knownRegions = (
				en,
				Base,
			);
			mainGroup = 478156F5266128C8005E1020;
			productRefGroup = 478156FF266128C8005E1020 /* Products */;
			projectDirPath = "";
			projectRoot = "";
			targets = (
				478156FD266128C8005E1020 /* KakeiboApp */,
			);
		};
/* End PBXProject section */

/* Begin PBXResourcesBuildPhase section */
		478156FC266128C8005E1020 /* Resources */ = {
			isa = PBXResourcesBuildPhase;
			buildActionMask = 2147483647;
			files = (
				4799911426F59E4500BD5B38 /* CategoryViewController.xib in Resources */,
				472EFDD5270456F400A80640 /* PasscodeViewController.xib in Resources */,
				4781570E266128C8005E1020 /* LaunchScreen.storyboard in Resources */,
				472EFDC72704324C00A80640 /* AccountViewController.xib in Resources */,
				47A6BFF02710531900698113 /* HowToUseTableViewCell.xib in Resources */,
				47480074268D5CC10077EC08 /* CalendarWeekdayCollectionViewCell.xib in Resources */,
				47C7A35826846737001B8EB4 /* CalendarTableViewHeaderFooterView.xib in Resources */,
				47CC9A7526F76BEF00126467 /* CategoryTableViewHeaderView.xib in Resources */,
				47C2910126844FDE0029403B /* CalendarTableViewCell.xib in Resources */,
				4773CBED270AF7DF00C52DE0 /* CategoryEditViewController.xib in Resources */,
				474D6B77273F7B1600563B1C /* EmailLinkAuthSuccessViewController.xib in Resources */,
				478C23172725315300BABDC1 /* AuthFormViewController.xib in Resources */,
				4773CC25270D24BC00C52DE0 /* CategoryInputViewController.xib in Resources */,
				47A6BFDA270FDCC700698113 /* HowToUseViewController.xib in Resources */,
				47CC9A7126F75BD600126467 /* CategoryTableViewCell.xib in Resources */,
				4781570B266128C8005E1020 /* Assets.xcassets in Resources */,
				47DC3EE226E34E8C00693980 /* GraphViewController.xib in Resources */,
				477C3F2726E5E3B400FFCB64 /* CalendarColor.xcassets in Resources */,
				47EB81FA26900D3E008FA088 /* GraphTableViewCell.xib in Resources */,
				47DC3EDE26E34E3800693980 /* CalendarViewController.xib in Resources */,
				47480078268D5CFE0077EC08 /* CalendarDayCollectionViewCell.xib in Resources */,
				4773CBF3270B013500C52DE0 /* CategoryEditTableViewCell.xib in Resources */,
				47CCFDA3274613EC00B887B2 /* Settings.bundle in Resources */,
				47DC3EE026E34E6A00693980 /* InputViewController.xib in Resources */,
				472189BA26EB3AF3006C10EF /* GoogleService-Info.plist in Resources */,
			);
			runOnlyForDeploymentPostprocessing = 0;
		};
/* End PBXResourcesBuildPhase section */

/* Begin PBXShellScriptBuildPhase section */
		478734AA273392D10028A0AD /* ShellScript */ = {
			isa = PBXShellScriptBuildPhase;
			buildActionMask = 2147483647;
			files = (
			);
			inputFileListPaths = (
			);
			inputPaths = (
				"${DWARF_DSYM_FOLDER_PATH}/${DWARF_DSYM_FILE_NAME}/Contents/Resources/DWARF/${TARGET_NAME}",
				"$(SRCROOT)/$(BUILT_PRODUCTS_DIR)/$(INFOPLIST_PATH)",
			);
			outputFileListPaths = (
			);
			outputPaths = (
			);
			runOnlyForDeploymentPostprocessing = 0;
			shellPath = /bin/sh;
			shellScript = "\"${PODS_ROOT}/FirebaseCrashlytics/run\"\n";
		};
		47A1E1F127393EC000A8BCCC /* ShellScript */ = {
			isa = PBXShellScriptBuildPhase;
			buildActionMask = 2147483647;
			files = (
			);
			inputFileListPaths = (
			);
			inputPaths = (
			);
			outputFileListPaths = (
			);
			outputPaths = (
			);
			runOnlyForDeploymentPostprocessing = 0;
			shellPath = /bin/sh;
			shellScript = "if which swiftlint >/dev/null; then\n  swiftlint\nelse\n  echo \"warning: SwiftLint not installed, download from https://github.com/realm/SwiftLint\"\nfi\n";
		};
		47CCFDA12746138F00B887B2 /* ShellScript */ = {
			isa = PBXShellScriptBuildPhase;
			buildActionMask = 2147483647;
			files = (
			);
			inputFileListPaths = (
			);
			inputPaths = (
			);
			outputFileListPaths = (
			);
			outputPaths = (
			);
			runOnlyForDeploymentPostprocessing = 0;
			shellPath = /bin/sh;
			shellScript = "if [ $CONFIGURATION = \"Debug\" ]; then\n${PODS_ROOT}/LicensePlist/license-plist --output-path $PRODUCT_NAME/Settings.bundle --github-token YOUR_GITHUB_TOKEN\nfi\n";
		};
		47DD66342746317F00A96F9B /* ShellScript */ = {
			isa = PBXShellScriptBuildPhase;
			buildActionMask = 2147483647;
			files = (
			);
			inputFileListPaths = (
			);
			inputPaths = (
			);
			outputFileListPaths = (
			);
			outputPaths = (
			);
			runOnlyForDeploymentPostprocessing = 0;
			shellPath = /bin/sh;
			shellScript = "/usr/libexec/PlistBuddy -c \"Set :PreferenceSpecifiers:2:DefaultValue ${MARKETING_VERSION}\" \"${BUILT_PRODUCTS_DIR}/${WRAPPER_NAME}/Settings.bundle/Root.plist\"\n";
		};
		88D6DF58DD4D02A3FD4570AD /* [CP] Embed Pods Frameworks */ = {
			isa = PBXShellScriptBuildPhase;
			buildActionMask = 2147483647;
			files = (
			);
			inputFileListPaths = (
				"${PODS_ROOT}/Target Support Files/Pods-KakeiboApp/Pods-KakeiboApp-frameworks-${CONFIGURATION}-input-files.xcfilelist",
			);
			name = "[CP] Embed Pods Frameworks";
			outputFileListPaths = (
				"${PODS_ROOT}/Target Support Files/Pods-KakeiboApp/Pods-KakeiboApp-frameworks-${CONFIGURATION}-output-files.xcfilelist",
			);
			runOnlyForDeploymentPostprocessing = 0;
			shellPath = /bin/sh;
			shellScript = "\"${PODS_ROOT}/Target Support Files/Pods-KakeiboApp/Pods-KakeiboApp-frameworks.sh\"\n";
			showEnvVarsInLog = 0;
		};
		D777A9B962C71507BE0EAD5E /* [CP] Check Pods Manifest.lock */ = {
			isa = PBXShellScriptBuildPhase;
			buildActionMask = 2147483647;
			files = (
			);
			inputFileListPaths = (
			);
			inputPaths = (
				"${PODS_PODFILE_DIR_PATH}/Podfile.lock",
				"${PODS_ROOT}/Manifest.lock",
			);
			name = "[CP] Check Pods Manifest.lock";
			outputFileListPaths = (
			);
			outputPaths = (
				"$(DERIVED_FILE_DIR)/Pods-KakeiboApp-checkManifestLockResult.txt",
			);
			runOnlyForDeploymentPostprocessing = 0;
			shellPath = /bin/sh;
			shellScript = "diff \"${PODS_PODFILE_DIR_PATH}/Podfile.lock\" \"${PODS_ROOT}/Manifest.lock\" > /dev/null\nif [ $? != 0 ] ; then\n    # print error to STDERR\n    echo \"error: The sandbox is not in sync with the Podfile.lock. Run 'pod install' or update your CocoaPods installation.\" >&2\n    exit 1\nfi\n# This output is used by Xcode 'outputs' to avoid re-running this script phase.\necho \"SUCCESS\" > \"${SCRIPT_OUTPUT_FILE_0}\"\n";
			showEnvVarsInLog = 0;
		};
/* End PBXShellScriptBuildPhase section */

/* Begin PBXSourcesBuildPhase section */
		478156FA266128C8005E1020 /* Sources */ = {
			isa = PBXSourcesBuildPhase;
			buildActionMask = 2147483647;
			files = (
				47DC3EEB26E45AC400693980 /* KakeiboModel.swift in Sources */,
				472EFDD7270488A500A80640 /* PasscodeInputButtonView.swift in Sources */,
				4773CBF5270BD30600C52DE0 /* CategoryData.swift in Sources */,
				4773CC2A270DF3E900C52DE0 /* GradientLayerView.swift in Sources */,
				4781573026612ED5005E1020 /* CalendarDate.swift in Sources */,
				4739958426927E6A00BD1286 /* ExtensionUITableViewCell.swift in Sources */,
				47DC3EE726E3928F00693980 /* MainTabBarController.swift in Sources */,
				478F93EA2731766500D58719 /* UserInfo.swift in Sources */,
				47EBC576271BE8A500BA64F6 /* CategoryModel.swift in Sources */,
				47793F0826E8770E0004E5F6 /* GraphTableViewDataSource.swift in Sources */,
				472EFDC62704324C00A80640 /* AccountViewController.swift in Sources */,
				47A6BFEF2710531900698113 /* HowToUseTableViewCell.swift in Sources */,
				47CC9A6D26F759E600126467 /* CategoryTableViewDataSource.swift in Sources */,
				477C3F2926E5E60600FFCB64 /* CalendarColorName.swift in Sources */,
				47218A1726EEC679006C10EF /* KakeiboDataRepository.swift in Sources */,
				47D5065A26F1863800CDA849 /* BalanceSegmentedControlView.swift in Sources */,
				47DC3EF626E4780100693980 /* CalendarTableViewData.swift in Sources */,
				472EFDD4270456F400A80640 /* PasscodeViewController.swift in Sources */,
				474D6B76273F7B1600563B1C /* EmailLinkAuthSuccessViewController.swift in Sources */,
				47DC3EEF26E4700B00693980 /* ModelLocator.swift in Sources */,
				47436A3926F885D10056F60D /* NumberFormatterUtility.swift in Sources */,
				47DC3EF326E4773B00693980 /* CalendarCollectionViewData.swift in Sources */,
				4785FD3526620E8700BAAD00 /* InputViewController.swift in Sources */,
				47218A1A26EF4AD4006C10EF /* CalendarImageName.swift in Sources */,
				4773CBFA270BDE2400C52DE0 /* CategoryDataRepository.swift in Sources */,
				47CC9A7026F75BD600126467 /* CategoryTableViewCell.swift in Sources */,
				47793EFD26E83FAC0004E5F6 /* GraphViewModel.swift in Sources */,
				478F93E8273150E400D58719 /* AuthError.swift in Sources */,
				472EFDCA270443F300A80640 /* AccountViewModel.swift in Sources */,
				47A6BFD9270FDCC700698113 /* HowToUseViewController.swift in Sources */,
				47D5065726F185C900CDA849 /* ExtensionUIImage.swift in Sources */,
				4799911326F59E4500BD5B38 /* CategoryViewController.swift in Sources */,
				47DC3EFE26E4C30900693980 /* CalendarTableViewDataSource.swift in Sources */,
				4773CBF2270B013500C52DE0 /* CategoryEditTableViewCell.swift in Sources */,
				4773CBE427085F9900C52DE0 /* KeyImageStackView.swift in Sources */,
				47815702266128C8005E1020 /* AppDelegate.swift in Sources */,
				47FCF32227258B3200E3043F /* AuthFormViewModel.swift in Sources */,
				4773CBEC270AF7DF00C52DE0 /* CategoryEditViewController.swift in Sources */,
				47DC3EED26E45C3B00693980 /* KakeiboData.swift in Sources */,
				47EB81F2268EFD96008FA088 /* GraphViewController.swift in Sources */,
				4773CBE8270ADB8F00C52DE0 /* BackgroundHighlightedButton.swift in Sources */,
				4786EDC92662878500FF6ADF /* CalendarViewController.swift in Sources */,
				47815704266128C8005E1020 /* SceneDelegate.swift in Sources */,
				472EFDDA270564DD00A80640 /* PasscodeViewModel.swift in Sources */,
				47480073268D5CC10077EC08 /* CalendarWeekdayCollectionViewCell.swift in Sources */,
				47A6BFDD270FDEBC00698113 /* HowToUseViewModel.swift in Sources */,
				47AF02B42717BF6A00085804 /* PieChartView.swift in Sources */,
				4773CC28270D56E400C52DE0 /* CategoryInputViewModel.swift in Sources */,
				472EFDDC2705A6DB00A80640 /* PasscodeRepository.swift in Sources */,
				47DC3F0326E4E8C900693980 /* CalendarCollectionViewDataSource.swift in Sources */,
				47A6BFE3270FE22E00698113 /* HowToUseTableViewDataSource.swift in Sources */,
				47C2910026844FDE0029403B /* CalendarTableViewCell.swift in Sources */,
				4799911726F59F6400BD5B38 /* CategoryViewModel.swift in Sources */,
				47793F0E26E8A3210004E5F6 /* GraphData.swift in Sources */,
				47EB81F926900D3E008FA088 /* GraphTableViewCell.swift in Sources */,
				47793EFA26E781FB0004E5F6 /* DateUtility.swift in Sources */,
				478C23162725315300BABDC1 /* AuthFormViewController.swift in Sources */,
				474D6B7A273F834600563B1C /* EmailLinkAuthSuccessViewModel.swift in Sources */,
				47C7A35626846712001B8EB4 /* CalendarTableViewHeaderFooterView.swift in Sources */,
				472F6F542725996A00DB44E9 /* AuthType.swift in Sources */,
				4739958626927F0400BD1286 /* ExtensionUICollectionViewCell.swift in Sources */,
				478734A927335CA70028A0AD /* ExtensionArray.swift in Sources */,
				47480077268D5CFE0077EC08 /* CalendarDayCollectionViewCell.swift in Sources */,
				473995882692BE2500BD1286 /* ExtensionUITableViewHeaderFooterView.swift in Sources */,
				472EFDDF2705EECB00A80640 /* PasscodeObserver.swift in Sources */,
				4773CBF7270BD77200C52DE0 /* ExtensionUIColor.swift in Sources */,
				4773CC00270C6CF000C52DE0 /* CategoryEditTableViewDataSource.swift in Sources */,
				47DC3EF126E4723E00693980 /* CalendarViewModel.swift in Sources */,
				47A6BFDF270FDFE900698113 /* HowToUseItem.swift in Sources */,
				47CC9A7326F76BC700126467 /* CategoryTableViewHeaderView.swift in Sources */,
				4773CC24270D24BC00C52DE0 /* CategoryInputViewController.swift in Sources */,
				47793EF826E76ABE0004E5F6 /* InputViewModel.swift in Sources */,
				4799911A26F5A0BB00BD5B38 /* CategoryTableViewData.swift in Sources */,
				4773CBFD270C653000C52DE0 /* CategoryEditViewModel.swift in Sources */,
			);
			runOnlyForDeploymentPostprocessing = 0;
		};
/* End PBXSourcesBuildPhase section */

/* Begin PBXVariantGroup section */
		4781570C266128C8005E1020 /* LaunchScreen.storyboard */ = {
			isa = PBXVariantGroup;
			children = (
				4781570D266128C8005E1020 /* Base */,
			);
			name = LaunchScreen.storyboard;
			sourceTree = "<group>";
		};
/* End PBXVariantGroup section */

/* Begin XCBuildConfiguration section */
		47815710266128C8005E1020 /* Debug */ = {
			isa = XCBuildConfiguration;
			buildSettings = {
				ALWAYS_SEARCH_USER_PATHS = NO;
				CLANG_ANALYZER_LOCALIZABILITY_NONLOCALIZED = YES;
				CLANG_ANALYZER_NONNULL = YES;
				CLANG_ANALYZER_NUMBER_OBJECT_CONVERSION = YES_AGGRESSIVE;
				CLANG_CXX_LANGUAGE_STANDARD = "gnu++14";
				CLANG_CXX_LIBRARY = "libc++";
				CLANG_ENABLE_MODULES = YES;
				CLANG_ENABLE_OBJC_ARC = YES;
				CLANG_ENABLE_OBJC_WEAK = YES;
				CLANG_WARN_BLOCK_CAPTURE_AUTORELEASING = YES;
				CLANG_WARN_BOOL_CONVERSION = YES;
				CLANG_WARN_COMMA = YES;
				CLANG_WARN_CONSTANT_CONVERSION = YES;
				CLANG_WARN_DEPRECATED_OBJC_IMPLEMENTATIONS = YES;
				CLANG_WARN_DIRECT_OBJC_ISA_USAGE = YES_ERROR;
				CLANG_WARN_DOCUMENTATION_COMMENTS = YES;
				CLANG_WARN_EMPTY_BODY = YES;
				CLANG_WARN_ENUM_CONVERSION = YES;
				CLANG_WARN_INFINITE_RECURSION = YES;
				CLANG_WARN_INT_CONVERSION = YES;
				CLANG_WARN_NON_LITERAL_NULL_CONVERSION = YES;
				CLANG_WARN_OBJC_IMPLICIT_RETAIN_SELF = YES;
				CLANG_WARN_OBJC_LITERAL_CONVERSION = YES;
				CLANG_WARN_OBJC_ROOT_CLASS = YES_ERROR;
				CLANG_WARN_QUOTED_INCLUDE_IN_FRAMEWORK_HEADER = YES;
				CLANG_WARN_RANGE_LOOP_ANALYSIS = YES;
				CLANG_WARN_STRICT_PROTOTYPES = YES;
				CLANG_WARN_SUSPICIOUS_MOVE = YES;
				CLANG_WARN_UNGUARDED_AVAILABILITY = YES_AGGRESSIVE;
				CLANG_WARN_UNREACHABLE_CODE = YES;
				CLANG_WARN__DUPLICATE_METHOD_MATCH = YES;
				COPY_PHASE_STRIP = NO;
				DEBUG_INFORMATION_FORMAT = "dwarf-with-dsym";
				ENABLE_STRICT_OBJC_MSGSEND = YES;
				ENABLE_TESTABILITY = YES;
				GCC_C_LANGUAGE_STANDARD = gnu11;
				GCC_DYNAMIC_NO_PIC = NO;
				GCC_NO_COMMON_BLOCKS = YES;
				GCC_OPTIMIZATION_LEVEL = 0;
				GCC_PREPROCESSOR_DEFINITIONS = (
					"DEBUG=1",
					"$(inherited)",
				);
				GCC_WARN_64_TO_32_BIT_CONVERSION = YES;
				GCC_WARN_ABOUT_RETURN_TYPE = YES_ERROR;
				GCC_WARN_UNDECLARED_SELECTOR = YES;
				GCC_WARN_UNINITIALIZED_AUTOS = YES_AGGRESSIVE;
				GCC_WARN_UNUSED_FUNCTION = YES;
				GCC_WARN_UNUSED_VARIABLE = YES;
				IPHONEOS_DEPLOYMENT_TARGET = 13.0;
				MTL_ENABLE_DEBUG_INFO = INCLUDE_SOURCE;
				MTL_FAST_MATH = YES;
				ONLY_ACTIVE_ARCH = YES;
				SDKROOT = iphoneos;
				SWIFT_ACTIVE_COMPILATION_CONDITIONS = DEBUG;
				SWIFT_OPTIMIZATION_LEVEL = "-Onone";
			};
			name = Debug;
		};
		47815711266128C8005E1020 /* Release */ = {
			isa = XCBuildConfiguration;
			buildSettings = {
				ALWAYS_SEARCH_USER_PATHS = NO;
				CLANG_ANALYZER_LOCALIZABILITY_NONLOCALIZED = YES;
				CLANG_ANALYZER_NONNULL = YES;
				CLANG_ANALYZER_NUMBER_OBJECT_CONVERSION = YES_AGGRESSIVE;
				CLANG_CXX_LANGUAGE_STANDARD = "gnu++14";
				CLANG_CXX_LIBRARY = "libc++";
				CLANG_ENABLE_MODULES = YES;
				CLANG_ENABLE_OBJC_ARC = YES;
				CLANG_ENABLE_OBJC_WEAK = YES;
				CLANG_WARN_BLOCK_CAPTURE_AUTORELEASING = YES;
				CLANG_WARN_BOOL_CONVERSION = YES;
				CLANG_WARN_COMMA = YES;
				CLANG_WARN_CONSTANT_CONVERSION = YES;
				CLANG_WARN_DEPRECATED_OBJC_IMPLEMENTATIONS = YES;
				CLANG_WARN_DIRECT_OBJC_ISA_USAGE = YES_ERROR;
				CLANG_WARN_DOCUMENTATION_COMMENTS = YES;
				CLANG_WARN_EMPTY_BODY = YES;
				CLANG_WARN_ENUM_CONVERSION = YES;
				CLANG_WARN_INFINITE_RECURSION = YES;
				CLANG_WARN_INT_CONVERSION = YES;
				CLANG_WARN_NON_LITERAL_NULL_CONVERSION = YES;
				CLANG_WARN_OBJC_IMPLICIT_RETAIN_SELF = YES;
				CLANG_WARN_OBJC_LITERAL_CONVERSION = YES;
				CLANG_WARN_OBJC_ROOT_CLASS = YES_ERROR;
				CLANG_WARN_QUOTED_INCLUDE_IN_FRAMEWORK_HEADER = YES;
				CLANG_WARN_RANGE_LOOP_ANALYSIS = YES;
				CLANG_WARN_STRICT_PROTOTYPES = YES;
				CLANG_WARN_SUSPICIOUS_MOVE = YES;
				CLANG_WARN_UNGUARDED_AVAILABILITY = YES_AGGRESSIVE;
				CLANG_WARN_UNREACHABLE_CODE = YES;
				CLANG_WARN__DUPLICATE_METHOD_MATCH = YES;
				COPY_PHASE_STRIP = NO;
				DEBUG_INFORMATION_FORMAT = "dwarf-with-dsym";
				ENABLE_NS_ASSERTIONS = NO;
				ENABLE_STRICT_OBJC_MSGSEND = YES;
				GCC_C_LANGUAGE_STANDARD = gnu11;
				GCC_NO_COMMON_BLOCKS = YES;
				GCC_WARN_64_TO_32_BIT_CONVERSION = YES;
				GCC_WARN_ABOUT_RETURN_TYPE = YES_ERROR;
				GCC_WARN_UNDECLARED_SELECTOR = YES;
				GCC_WARN_UNINITIALIZED_AUTOS = YES_AGGRESSIVE;
				GCC_WARN_UNUSED_FUNCTION = YES;
				GCC_WARN_UNUSED_VARIABLE = YES;
				IPHONEOS_DEPLOYMENT_TARGET = 13.0;
				MTL_ENABLE_DEBUG_INFO = NO;
				MTL_FAST_MATH = YES;
				SDKROOT = iphoneos;
				SWIFT_COMPILATION_MODE = wholemodule;
				SWIFT_OPTIMIZATION_LEVEL = "-O";
				VALIDATE_PRODUCT = YES;
			};
			name = Release;
		};
		47815713266128C8005E1020 /* Debug */ = {
			isa = XCBuildConfiguration;
			baseConfigurationReference = 8374A06BF5FB26D14592739D /* Pods-KakeiboApp.debug.xcconfig */;
			buildSettings = {
				ASSETCATALOG_COMPILER_APPICON_NAME = AppIcon;
				ASSETCATALOG_COMPILER_GLOBAL_ACCENT_COLOR_NAME = AccentColor;
				CODE_SIGN_ENTITLEMENTS = KakeiboApp/KakeiboApp.entitlements;
				CODE_SIGN_IDENTITY = "iPhone Developer";
				CODE_SIGN_STYLE = Manual;
				DEBUG_INFORMATION_FORMAT = "dwarf-with-dsym";
				DEVELOPMENT_TEAM = HAMLUR4PQA;
				INFOPLIST_FILE = KakeiboApp/Info.plist;
				IPHONEOS_DEPLOYMENT_TARGET = 13.0;
				LD_RUNPATH_SEARCH_PATHS = (
					"$(inherited)",
					"@executable_path/Frameworks",
				);
				MARKETING_VERSION = 1.8.1;
				PRODUCT_BUNDLE_IDENTIFIER = com.kyohei.KakeiboApp;
				PRODUCT_NAME = "$(TARGET_NAME)";
				PROVISIONING_PROFILE_SPECIFIER = "KakeiboApp Development 11/14";
				SWIFT_OPTIMIZATION_LEVEL = "-O";
				SWIFT_VERSION = 5.0;
				TARGETED_DEVICE_FAMILY = 1;
			};
			name = Debug;
		};
		47815714266128C8005E1020 /* Release */ = {
			isa = XCBuildConfiguration;
			baseConfigurationReference = 4CA78BE969024FB289D67417 /* Pods-KakeiboApp.release.xcconfig */;
			buildSettings = {
				ASSETCATALOG_COMPILER_APPICON_NAME = AppIcon;
				ASSETCATALOG_COMPILER_GLOBAL_ACCENT_COLOR_NAME = AccentColor;
				CODE_SIGN_ENTITLEMENTS = KakeiboApp/KakeiboApp.entitlements;
				CODE_SIGN_IDENTITY = "iPhone Distribution";
				CODE_SIGN_STYLE = Manual;
				DEBUG_INFORMATION_FORMAT = "dwarf-with-dsym";
				DEVELOPMENT_TEAM = HAMLUR4PQA;
				INFOPLIST_FILE = KakeiboApp/Info.plist;
				IPHONEOS_DEPLOYMENT_TARGET = 13.0;
				LD_RUNPATH_SEARCH_PATHS = (
					"$(inherited)",
					"@executable_path/Frameworks",
				);
				MARKETING_VERSION = 1.8.1;
				PRODUCT_BUNDLE_IDENTIFIER = com.kyohei.KakeiboApp;
				PRODUCT_NAME = "$(TARGET_NAME)";
				PROVISIONING_PROFILE_SPECIFIER = "KakeiboApp Distribution 11/14";
				SWIFT_OPTIMIZATION_LEVEL = "-O";
				SWIFT_VERSION = 5.0;
				TARGETED_DEVICE_FAMILY = 1;
			};
			name = Release;
		};
/* End XCBuildConfiguration section */

/* Begin XCConfigurationList section */
		478156F9266128C8005E1020 /* Build configuration list for PBXProject "KakeiboApp" */ = {
			isa = XCConfigurationList;
			buildConfigurations = (
				47815710266128C8005E1020 /* Debug */,
				47815711266128C8005E1020 /* Release */,
			);
			defaultConfigurationIsVisible = 0;
			defaultConfigurationName = Release;
		};
		47815712266128C8005E1020 /* Build configuration list for PBXNativeTarget "KakeiboApp" */ = {
			isa = XCConfigurationList;
			buildConfigurations = (
				47815713266128C8005E1020 /* Debug */,
				47815714266128C8005E1020 /* Release */,
			);
			defaultConfigurationIsVisible = 0;
			defaultConfigurationName = Release;
		};
/* End XCConfigurationList section */
	};
	rootObject = 478156F6266128C8005E1020 /* Project object */;
}
