// !$*UTF8*$!
{
	archiveVersion = 1;
	classes = {
	};
	objectVersion = 51;
	objects = {

/* Begin PBXBuildFile section */
		4739958426927E6A00BD1286 /* ExtensionUITableViewCell.swift in Sources */ = {isa = PBXBuildFile; fileRef = 4739958326927E6A00BD1286 /* ExtensionUITableViewCell.swift */; };
		4739958626927F0400BD1286 /* ExtensionUICollectionViewCell.swift in Sources */ = {isa = PBXBuildFile; fileRef = 4739958526927F0400BD1286 /* ExtensionUICollectionViewCell.swift */; };
		473995882692BE2500BD1286 /* ExtensionUITableViewHeaderFooterView.swift in Sources */ = {isa = PBXBuildFile; fileRef = 473995872692BE2500BD1286 /* ExtensionUITableViewHeaderFooterView.swift */; };
		4739958E2692C8E500BD1286 /* GraphTableViewHeaderFooterView.swift in Sources */ = {isa = PBXBuildFile; fileRef = 4739958D2692C8E500BD1286 /* GraphTableViewHeaderFooterView.swift */; };
		473995902692D22200BD1286 /* GraphTableViewHeaderFooterView.xib in Resources */ = {isa = PBXBuildFile; fileRef = 4739958F2692D22200BD1286 /* GraphTableViewHeaderFooterView.xib */; };
		47480073268D5CC10077EC08 /* CalendarWeekdayCollectionViewCell.swift in Sources */ = {isa = PBXBuildFile; fileRef = 47480071268D5CC10077EC08 /* CalendarWeekdayCollectionViewCell.swift */; };
		47480074268D5CC10077EC08 /* CalendarWeekdayCollectionViewCell.xib in Resources */ = {isa = PBXBuildFile; fileRef = 47480072268D5CC10077EC08 /* CalendarWeekdayCollectionViewCell.xib */; };
		47480077268D5CFE0077EC08 /* CalendarDayCollectionViewCell.swift in Sources */ = {isa = PBXBuildFile; fileRef = 47480075268D5CFE0077EC08 /* CalendarDayCollectionViewCell.swift */; };
		47480078268D5CFE0077EC08 /* CalendarDayCollectionViewCell.xib in Resources */ = {isa = PBXBuildFile; fileRef = 47480076268D5CFE0077EC08 /* CalendarDayCollectionViewCell.xib */; };
		475B8AC126737C5900B0AB8D /* Category.swift in Sources */ = {isa = PBXBuildFile; fileRef = 475B8AC026737C5900B0AB8D /* Category.swift */; };
		47793EF826E76ABE0004E5F6 /* InputViewModel.swift in Sources */ = {isa = PBXBuildFile; fileRef = 47793EF726E76ABE0004E5F6 /* InputViewModel.swift */; };
		47793EFA26E781FB0004E5F6 /* DateUtility.swift in Sources */ = {isa = PBXBuildFile; fileRef = 47793EF926E781FB0004E5F6 /* DateUtility.swift */; };
		477C3F2726E5E3B400FFCB64 /* CalendarColor.xcassets in Resources */ = {isa = PBXBuildFile; fileRef = 477C3F2626E5E3B400FFCB64 /* CalendarColor.xcassets */; };
		477C3F2926E5E60600FFCB64 /* CalendarColorName.swift in Sources */ = {isa = PBXBuildFile; fileRef = 477C3F2826E5E60600FFCB64 /* CalendarColorName.swift */; };
		477C3F4C26E6256E00FFCB64 /* KakeiboDataRepository.swift in Sources */ = {isa = PBXBuildFile; fileRef = 477C3F4B26E6256E00FFCB64 /* KakeiboDataRepository.swift */; };
		47815702266128C8005E1020 /* AppDelegate.swift in Sources */ = {isa = PBXBuildFile; fileRef = 47815701266128C8005E1020 /* AppDelegate.swift */; };
		47815704266128C8005E1020 /* SceneDelegate.swift in Sources */ = {isa = PBXBuildFile; fileRef = 47815703266128C8005E1020 /* SceneDelegate.swift */; };
		4781570B266128C8005E1020 /* Assets.xcassets in Resources */ = {isa = PBXBuildFile; fileRef = 4781570A266128C8005E1020 /* Assets.xcassets */; };
		4781570E266128C8005E1020 /* LaunchScreen.storyboard in Resources */ = {isa = PBXBuildFile; fileRef = 4781570C266128C8005E1020 /* LaunchScreen.storyboard */; };
		4781573026612ED5005E1020 /* CalendarDate.swift in Sources */ = {isa = PBXBuildFile; fileRef = 4781572F26612ED5005E1020 /* CalendarDate.swift */; };
		4785FD3526620E8700BAAD00 /* InputViewController.swift in Sources */ = {isa = PBXBuildFile; fileRef = 4785FD3426620E8700BAAD00 /* InputViewController.swift */; };
		4786EDC92662878500FF6ADF /* CalendarViewController.swift in Sources */ = {isa = PBXBuildFile; fileRef = 4786EDC82662878500FF6ADF /* CalendarViewController.swift */; };
		478C82F326689C4400E9D669 /* Gradation.swift in Sources */ = {isa = PBXBuildFile; fileRef = 478C82F226689C4400E9D669 /* Gradation.swift */; };
		47C2910026844FDE0029403B /* CalendarTableViewCell.swift in Sources */ = {isa = PBXBuildFile; fileRef = 47C290FE26844FDE0029403B /* CalendarTableViewCell.swift */; };
		47C2910126844FDE0029403B /* CalendarTableViewCell.xib in Resources */ = {isa = PBXBuildFile; fileRef = 47C290FF26844FDE0029403B /* CalendarTableViewCell.xib */; };
		47C7A35626846712001B8EB4 /* CalendarTableViewHeaderFooterView.swift in Sources */ = {isa = PBXBuildFile; fileRef = 47C7A35526846712001B8EB4 /* CalendarTableViewHeaderFooterView.swift */; };
		47C7A35826846737001B8EB4 /* CalendarTableViewHeaderFooterView.xib in Resources */ = {isa = PBXBuildFile; fileRef = 47C7A35726846737001B8EB4 /* CalendarTableViewHeaderFooterView.xib */; };
		47DC3EDE26E34E3800693980 /* CalendarViewController.xib in Resources */ = {isa = PBXBuildFile; fileRef = 47DC3EDD26E34E3800693980 /* CalendarViewController.xib */; };
		47DC3EE026E34E6A00693980 /* InputViewController.xib in Resources */ = {isa = PBXBuildFile; fileRef = 47DC3EDF26E34E6A00693980 /* InputViewController.xib */; };
		47DC3EE226E34E8C00693980 /* GraphViewController.xib in Resources */ = {isa = PBXBuildFile; fileRef = 47DC3EE126E34E8C00693980 /* GraphViewController.xib */; };
		47DC3EE726E3928F00693980 /* MainTabBarController.swift in Sources */ = {isa = PBXBuildFile; fileRef = 47DC3EE626E3928F00693980 /* MainTabBarController.swift */; };
		47DC3EEB26E45AC400693980 /* KakeiboModel.swift in Sources */ = {isa = PBXBuildFile; fileRef = 47DC3EEA26E45AC400693980 /* KakeiboModel.swift */; };
		47DC3EED26E45C3B00693980 /* KakeiboData.swift in Sources */ = {isa = PBXBuildFile; fileRef = 47DC3EEC26E45C3B00693980 /* KakeiboData.swift */; };
		47DC3EEF26E4700B00693980 /* ModelLocator.swift in Sources */ = {isa = PBXBuildFile; fileRef = 47DC3EEE26E4700B00693980 /* ModelLocator.swift */; };
		47DC3EF126E4723E00693980 /* CalendarViewModel.swift in Sources */ = {isa = PBXBuildFile; fileRef = 47DC3EF026E4723E00693980 /* CalendarViewModel.swift */; };
		47DC3EF326E4773B00693980 /* CollectionViewData.swift in Sources */ = {isa = PBXBuildFile; fileRef = 47DC3EF226E4773B00693980 /* CollectionViewData.swift */; };
		47DC3EF626E4780100693980 /* TableViewData.swift in Sources */ = {isa = PBXBuildFile; fileRef = 47DC3EF526E4780100693980 /* TableViewData.swift */; };
		47DC3EFE26E4C30900693980 /* CalendarTableViewDataSource.swift in Sources */ = {isa = PBXBuildFile; fileRef = 47DC3EFD26E4C30900693980 /* CalendarTableViewDataSource.swift */; };
		47DC3F0326E4E8C900693980 /* CalendarCollectionViewDataSource.swift in Sources */ = {isa = PBXBuildFile; fileRef = 47DC3F0226E4E8C900693980 /* CalendarCollectionViewDataSource.swift */; };
		47EB81F2268EFD96008FA088 /* GraphViewController.swift in Sources */ = {isa = PBXBuildFile; fileRef = 47EB81F1268EFD96008FA088 /* GraphViewController.swift */; };
		47EB81F4268FF1B2008FA088 /* GraphData.swift in Sources */ = {isa = PBXBuildFile; fileRef = 47EB81F3268FF1B2008FA088 /* GraphData.swift */; };
		47EB81F926900D3E008FA088 /* GraphTableViewCell.swift in Sources */ = {isa = PBXBuildFile; fileRef = 47EB81F726900D3E008FA088 /* GraphTableViewCell.swift */; };
		47EB81FA26900D3E008FA088 /* GraphTableViewCell.xib in Resources */ = {isa = PBXBuildFile; fileRef = 47EB81F826900D3E008FA088 /* GraphTableViewCell.xib */; };
		A0FE98566C571733636113B5 /* Pods_KakeiboApp.framework in Frameworks */ = {isa = PBXBuildFile; fileRef = 7724D716AF9168272E123341 /* Pods_KakeiboApp.framework */; };
/* End PBXBuildFile section */

/* Begin PBXFileReference section */
		4739958326927E6A00BD1286 /* ExtensionUITableViewCell.swift */ = {isa = PBXFileReference; lastKnownFileType = sourcecode.swift; path = ExtensionUITableViewCell.swift; sourceTree = "<group>"; };
		4739958526927F0400BD1286 /* ExtensionUICollectionViewCell.swift */ = {isa = PBXFileReference; lastKnownFileType = sourcecode.swift; path = ExtensionUICollectionViewCell.swift; sourceTree = "<group>"; };
		473995872692BE2500BD1286 /* ExtensionUITableViewHeaderFooterView.swift */ = {isa = PBXFileReference; lastKnownFileType = sourcecode.swift; path = ExtensionUITableViewHeaderFooterView.swift; sourceTree = "<group>"; };
		4739958D2692C8E500BD1286 /* GraphTableViewHeaderFooterView.swift */ = {isa = PBXFileReference; lastKnownFileType = sourcecode.swift; path = GraphTableViewHeaderFooterView.swift; sourceTree = "<group>"; };
		4739958F2692D22200BD1286 /* GraphTableViewHeaderFooterView.xib */ = {isa = PBXFileReference; lastKnownFileType = file.xib; path = GraphTableViewHeaderFooterView.xib; sourceTree = "<group>"; };
		47480071268D5CC10077EC08 /* CalendarWeekdayCollectionViewCell.swift */ = {isa = PBXFileReference; lastKnownFileType = sourcecode.swift; path = CalendarWeekdayCollectionViewCell.swift; sourceTree = "<group>"; };
		47480072268D5CC10077EC08 /* CalendarWeekdayCollectionViewCell.xib */ = {isa = PBXFileReference; lastKnownFileType = file.xib; path = CalendarWeekdayCollectionViewCell.xib; sourceTree = "<group>"; };
		47480075268D5CFE0077EC08 /* CalendarDayCollectionViewCell.swift */ = {isa = PBXFileReference; lastKnownFileType = sourcecode.swift; path = CalendarDayCollectionViewCell.swift; sourceTree = "<group>"; };
		47480076268D5CFE0077EC08 /* CalendarDayCollectionViewCell.xib */ = {isa = PBXFileReference; lastKnownFileType = file.xib; path = CalendarDayCollectionViewCell.xib; sourceTree = "<group>"; };
		475B8AC026737C5900B0AB8D /* Category.swift */ = {isa = PBXFileReference; lastKnownFileType = sourcecode.swift; path = Category.swift; sourceTree = "<group>"; };
		47793EF726E76ABE0004E5F6 /* InputViewModel.swift */ = {isa = PBXFileReference; lastKnownFileType = sourcecode.swift; path = InputViewModel.swift; sourceTree = "<group>"; };
		47793EF926E781FB0004E5F6 /* DateUtility.swift */ = {isa = PBXFileReference; lastKnownFileType = sourcecode.swift; path = DateUtility.swift; sourceTree = "<group>"; };
		477C3F2626E5E3B400FFCB64 /* CalendarColor.xcassets */ = {isa = PBXFileReference; lastKnownFileType = folder.assetcatalog; path = CalendarColor.xcassets; sourceTree = "<group>"; };
		477C3F2826E5E60600FFCB64 /* CalendarColorName.swift */ = {isa = PBXFileReference; lastKnownFileType = sourcecode.swift; path = CalendarColorName.swift; sourceTree = "<group>"; };
		477C3F4B26E6256E00FFCB64 /* KakeiboDataRepository.swift */ = {isa = PBXFileReference; lastKnownFileType = sourcecode.swift; path = KakeiboDataRepository.swift; sourceTree = "<group>"; };
		478156FE266128C8005E1020 /* KakeiboApp.app */ = {isa = PBXFileReference; explicitFileType = wrapper.application; includeInIndex = 0; path = KakeiboApp.app; sourceTree = BUILT_PRODUCTS_DIR; };
		47815701266128C8005E1020 /* AppDelegate.swift */ = {isa = PBXFileReference; lastKnownFileType = sourcecode.swift; path = AppDelegate.swift; sourceTree = "<group>"; };
		47815703266128C8005E1020 /* SceneDelegate.swift */ = {isa = PBXFileReference; lastKnownFileType = sourcecode.swift; path = SceneDelegate.swift; sourceTree = "<group>"; };
		4781570A266128C8005E1020 /* Assets.xcassets */ = {isa = PBXFileReference; lastKnownFileType = folder.assetcatalog; path = Assets.xcassets; sourceTree = "<group>"; };
		4781570D266128C8005E1020 /* Base */ = {isa = PBXFileReference; lastKnownFileType = file.storyboard; name = Base; path = Base.lproj/LaunchScreen.storyboard; sourceTree = "<group>"; };
		4781570F266128C8005E1020 /* Info.plist */ = {isa = PBXFileReference; lastKnownFileType = text.plist.xml; path = Info.plist; sourceTree = "<group>"; };
		4781572F26612ED5005E1020 /* CalendarDate.swift */ = {isa = PBXFileReference; lastKnownFileType = sourcecode.swift; path = CalendarDate.swift; sourceTree = "<group>"; };
		4785FD3426620E8700BAAD00 /* InputViewController.swift */ = {isa = PBXFileReference; lastKnownFileType = sourcecode.swift; path = InputViewController.swift; sourceTree = "<group>"; };
		4786EDC82662878500FF6ADF /* CalendarViewController.swift */ = {isa = PBXFileReference; lastKnownFileType = sourcecode.swift; path = CalendarViewController.swift; sourceTree = "<group>"; };
		478C82F226689C4400E9D669 /* Gradation.swift */ = {isa = PBXFileReference; lastKnownFileType = sourcecode.swift; path = Gradation.swift; sourceTree = "<group>"; };
		47C290FE26844FDE0029403B /* CalendarTableViewCell.swift */ = {isa = PBXFileReference; lastKnownFileType = sourcecode.swift; path = CalendarTableViewCell.swift; sourceTree = "<group>"; };
		47C290FF26844FDE0029403B /* CalendarTableViewCell.xib */ = {isa = PBXFileReference; lastKnownFileType = file.xib; path = CalendarTableViewCell.xib; sourceTree = "<group>"; };
		47C7A35526846712001B8EB4 /* CalendarTableViewHeaderFooterView.swift */ = {isa = PBXFileReference; lastKnownFileType = sourcecode.swift; path = CalendarTableViewHeaderFooterView.swift; sourceTree = "<group>"; };
		47C7A35726846737001B8EB4 /* CalendarTableViewHeaderFooterView.xib */ = {isa = PBXFileReference; lastKnownFileType = file.xib; path = CalendarTableViewHeaderFooterView.xib; sourceTree = "<group>"; };
		47DC3EDD26E34E3800693980 /* CalendarViewController.xib */ = {isa = PBXFileReference; lastKnownFileType = file.xib; path = CalendarViewController.xib; sourceTree = "<group>"; };
		47DC3EDF26E34E6A00693980 /* InputViewController.xib */ = {isa = PBXFileReference; lastKnownFileType = file.xib; path = InputViewController.xib; sourceTree = "<group>"; };
		47DC3EE126E34E8C00693980 /* GraphViewController.xib */ = {isa = PBXFileReference; lastKnownFileType = file.xib; path = GraphViewController.xib; sourceTree = "<group>"; };
		47DC3EE626E3928F00693980 /* MainTabBarController.swift */ = {isa = PBXFileReference; lastKnownFileType = sourcecode.swift; path = MainTabBarController.swift; sourceTree = "<group>"; };
		47DC3EEA26E45AC400693980 /* KakeiboModel.swift */ = {isa = PBXFileReference; lastKnownFileType = sourcecode.swift; path = KakeiboModel.swift; sourceTree = "<group>"; };
		47DC3EEC26E45C3B00693980 /* KakeiboData.swift */ = {isa = PBXFileReference; lastKnownFileType = sourcecode.swift; path = KakeiboData.swift; sourceTree = "<group>"; };
		47DC3EEE26E4700B00693980 /* ModelLocator.swift */ = {isa = PBXFileReference; lastKnownFileType = sourcecode.swift; path = ModelLocator.swift; sourceTree = "<group>"; };
		47DC3EF026E4723E00693980 /* CalendarViewModel.swift */ = {isa = PBXFileReference; lastKnownFileType = sourcecode.swift; path = CalendarViewModel.swift; sourceTree = "<group>"; };
		47DC3EF226E4773B00693980 /* CollectionViewData.swift */ = {isa = PBXFileReference; lastKnownFileType = sourcecode.swift; path = CollectionViewData.swift; sourceTree = "<group>"; };
		47DC3EF526E4780100693980 /* TableViewData.swift */ = {isa = PBXFileReference; lastKnownFileType = sourcecode.swift; path = TableViewData.swift; sourceTree = "<group>"; };
		47DC3EFD26E4C30900693980 /* CalendarTableViewDataSource.swift */ = {isa = PBXFileReference; lastKnownFileType = sourcecode.swift; path = CalendarTableViewDataSource.swift; sourceTree = "<group>"; };
		47DC3F0226E4E8C900693980 /* CalendarCollectionViewDataSource.swift */ = {isa = PBXFileReference; lastKnownFileType = sourcecode.swift; path = CalendarCollectionViewDataSource.swift; sourceTree = "<group>"; };
		47EB81F1268EFD96008FA088 /* GraphViewController.swift */ = {isa = PBXFileReference; lastKnownFileType = sourcecode.swift; path = GraphViewController.swift; sourceTree = "<group>"; };
		47EB81F3268FF1B2008FA088 /* GraphData.swift */ = {isa = PBXFileReference; lastKnownFileType = sourcecode.swift; path = GraphData.swift; sourceTree = "<group>"; };
		47EB81F726900D3E008FA088 /* GraphTableViewCell.swift */ = {isa = PBXFileReference; lastKnownFileType = sourcecode.swift; path = GraphTableViewCell.swift; sourceTree = "<group>"; };
		47EB81F826900D3E008FA088 /* GraphTableViewCell.xib */ = {isa = PBXFileReference; lastKnownFileType = file.xib; path = GraphTableViewCell.xib; sourceTree = "<group>"; };
		4CA78BE969024FB289D67417 /* Pods-KakeiboApp.release.xcconfig */ = {isa = PBXFileReference; includeInIndex = 1; lastKnownFileType = text.xcconfig; name = "Pods-KakeiboApp.release.xcconfig"; path = "Target Support Files/Pods-KakeiboApp/Pods-KakeiboApp.release.xcconfig"; sourceTree = "<group>"; };
		7724D716AF9168272E123341 /* Pods_KakeiboApp.framework */ = {isa = PBXFileReference; explicitFileType = wrapper.framework; includeInIndex = 0; path = Pods_KakeiboApp.framework; sourceTree = BUILT_PRODUCTS_DIR; };
		8374A06BF5FB26D14592739D /* Pods-KakeiboApp.debug.xcconfig */ = {isa = PBXFileReference; includeInIndex = 1; lastKnownFileType = text.xcconfig; name = "Pods-KakeiboApp.debug.xcconfig"; path = "Target Support Files/Pods-KakeiboApp/Pods-KakeiboApp.debug.xcconfig"; sourceTree = "<group>"; };
/* End PBXFileReference section */

/* Begin PBXFrameworksBuildPhase section */
		478156FB266128C8005E1020 /* Frameworks */ = {
			isa = PBXFrameworksBuildPhase;
			buildActionMask = 2147483647;
			files = (
				A0FE98566C571733636113B5 /* Pods_KakeiboApp.framework in Frameworks */,
			);
			runOnlyForDeploymentPostprocessing = 0;
		};
/* End PBXFrameworksBuildPhase section */

/* Begin PBXGroup section */
		42EE7307A682EE180F9C5FAD /* Pods */ = {
			isa = PBXGroup;
			children = (
				8374A06BF5FB26D14592739D /* Pods-KakeiboApp.debug.xcconfig */,
				4CA78BE969024FB289D67417 /* Pods-KakeiboApp.release.xcconfig */,
			);
			path = Pods;
			sourceTree = "<group>";
		};
		4748006F268D5C1D0077EC08 /* TableView */ = {
			isa = PBXGroup;
			children = (
				47DC3EFC26E4C2ED00693980 /* DataSource */,
				47DC3EFB26E4C2DF00693980 /* Cell */,
				47DC3EFA26E4C2CD00693980 /* HeaderFooter */,
			);
			path = TableView;
			sourceTree = "<group>";
		};
		47480070268D5C5F0077EC08 /* CollectionView */ = {
			isa = PBXGroup;
			children = (
				47DC3F0126E4E8A400693980 /* DataSource */,
				47DC3EFF26E4E83600693980 /* Cell */,
			);
			path = CollectionView;
			sourceTree = "<group>";
		};
		475B8AA02672E0E700B0AB8D /* GraphScreen */ = {
			isa = PBXGroup;
			children = (
				475B8AB12673556900B0AB8D /* Model */,
				475B8AA72672E97300B0AB8D /* View */,
			);
			path = GraphScreen;
			sourceTree = "<group>";
		};
		475B8AA72672E97300B0AB8D /* View */ = {
			isa = PBXGroup;
			children = (
			);
			path = View;
			sourceTree = "<group>";
		};
		475B8AB12673556900B0AB8D /* Model */ = {
			isa = PBXGroup;
			children = (
				47EB81F3268FF1B2008FA088 /* GraphData.swift */,
			);
			path = Model;
			sourceTree = "<group>";
		};
		47793EF626E76A8C0004E5F6 /* InputViewModel */ = {
			isa = PBXGroup;
			children = (
				47793EF726E76ABE0004E5F6 /* InputViewModel.swift */,
			);
			path = InputViewModel;
			sourceTree = "<group>";
		};
		477C3F4A26E6252B00FFCB64 /* DataRepository */ = {
			isa = PBXGroup;
			children = (
				477C3F4B26E6256E00FFCB64 /* KakeiboDataRepository.swift */,
			);
			path = DataRepository;
			sourceTree = "<group>";
		};
		478156F5266128C8005E1020 = {
			isa = PBXGroup;
			children = (
				47815700266128C8005E1020 /* KakeiboApp */,
				478156FF266128C8005E1020 /* Products */,
				42EE7307A682EE180F9C5FAD /* Pods */,
				F80E1A3A0C6B7344DB421BF8 /* Frameworks */,
			);
			sourceTree = "<group>";
		};
		478156FF266128C8005E1020 /* Products */ = {
			isa = PBXGroup;
			children = (
				478156FE266128C8005E1020 /* KakeiboApp.app */,
			);
			name = Products;
			sourceTree = "<group>";
		};
		47815700266128C8005E1020 /* KakeiboApp */ = {
			isa = PBXGroup;
			children = (
				47DC3EDC26E34DDF00693980 /* New Group-Model */,
				47DC3EDB26E34DD400693980 /* New Group-ViewModel */,
				47DC3EDA26E34DB300693980 /* New Group-View */,
				47DC3EE926E44D8600693980 /* New Group-Utility */,
				478157182661292B005E1020 /* Content */,
				4781571B26612C48005E1020 /* Model */,
				47815701266128C8005E1020 /* AppDelegate.swift */,
				47815703266128C8005E1020 /* SceneDelegate.swift */,
				4781570A266128C8005E1020 /* Assets.xcassets */,
				477C3F2626E5E3B400FFCB64 /* CalendarColor.xcassets */,
				4781570C266128C8005E1020 /* LaunchScreen.storyboard */,
				4781570F266128C8005E1020 /* Info.plist */,
			);
			path = KakeiboApp;
			sourceTree = "<group>";
		};
		478157182661292B005E1020 /* Content */ = {
			isa = PBXGroup;
			children = (
				4785FD3326620D6A00BAAD00 /* InputScreen */,
				475B8AA02672E0E700B0AB8D /* GraphScreen */,
			);
			path = Content;
			sourceTree = "<group>";
		};
		4781571B26612C48005E1020 /* Model */ = {
			isa = PBXGroup;
			children = (
				475B8AC026737C5900B0AB8D /* Category.swift */,
			);
			path = Model;
			sourceTree = "<group>";
		};
		4781572326612CEE005E1020 /* Extension */ = {
			isa = PBXGroup;
			children = (
				4739958526927F0400BD1286 /* ExtensionUICollectionViewCell.swift */,
				473995872692BE2500BD1286 /* ExtensionUITableViewHeaderFooterView.swift */,
				4739958326927E6A00BD1286 /* ExtensionUITableViewCell.swift */,
			);
			path = Extension;
			sourceTree = "<group>";
		};
		4785FD3326620D6A00BAAD00 /* InputScreen */ = {
			isa = PBXGroup;
			children = (
				478C82F126689C2500E9D669 /* View */,
			);
			path = InputScreen;
			sourceTree = "<group>";
		};
		47898BB326E6661600497613 /* ColorName */ = {
			isa = PBXGroup;
			children = (
				477C3F2826E5E60600FFCB64 /* CalendarColorName.swift */,
			);
			path = ColorName;
			sourceTree = "<group>";
		};
		478C82F126689C2500E9D669 /* View */ = {
			isa = PBXGroup;
			children = (
			);
			path = View;
			sourceTree = "<group>";
		};
		47DC3EDA26E34DB300693980 /* New Group-View */ = {
			isa = PBXGroup;
			children = (
				47DC3EF826E4BE9000693980 /* TabBarController */,
				47DC3EE326E3733400693980 /* Calendar */,
				47DC3EE426E3734000693980 /* InputScreen */,
				47DC3EE526E3735300693980 /* GraphScreen */,
			);
			path = "New Group-View";
			sourceTree = "<group>";
		};
		47DC3EDB26E34DD400693980 /* New Group-ViewModel */ = {
			isa = PBXGroup;
			children = (
				47DC3EF726E4AEBF00693980 /* CalendarViewModel */,
				47793EF626E76A8C0004E5F6 /* InputViewModel */,
			);
			path = "New Group-ViewModel";
			sourceTree = "<group>";
		};
		47DC3EDC26E34DDF00693980 /* New Group-Model */ = {
			isa = PBXGroup;
			children = (
				47DC3EEA26E45AC400693980 /* KakeiboModel.swift */,
				47DC3EEC26E45C3B00693980 /* KakeiboData.swift */,
				47DC3EEE26E4700B00693980 /* ModelLocator.swift */,
				477C3F4A26E6252B00FFCB64 /* DataRepository */,
			);
			path = "New Group-Model";
			sourceTree = "<group>";
		};
		47DC3EE326E3733400693980 /* Calendar */ = {
			isa = PBXGroup;
			children = (
				47DC3EDD26E34E3800693980 /* CalendarViewController.xib */,
				4786EDC82662878500FF6ADF /* CalendarViewController.swift */,
				4748006F268D5C1D0077EC08 /* TableView */,
				47480070268D5C5F0077EC08 /* CollectionView */,
			);
			path = Calendar;
			sourceTree = "<group>";
		};
		47DC3EE426E3734000693980 /* InputScreen */ = {
			isa = PBXGroup;
			children = (
				47DC3EDF26E34E6A00693980 /* InputViewController.xib */,
				4785FD3426620E8700BAAD00 /* InputViewController.swift */,
				478C82F226689C4400E9D669 /* Gradation.swift */,
			);
			path = InputScreen;
			sourceTree = "<group>";
		};
		47DC3EE526E3735300693980 /* GraphScreen */ = {
			isa = PBXGroup;
			children = (
				47DC3EE126E34E8C00693980 /* GraphViewController.xib */,
				47EB81F1268EFD96008FA088 /* GraphViewController.swift */,
				47DC3EE826E44D5600693980 /* TableView */,
			);
			path = GraphScreen;
			sourceTree = "<group>";
		};
		47DC3EE826E44D5600693980 /* TableView */ = {
			isa = PBXGroup;
			children = (
				47EB81F726900D3E008FA088 /* GraphTableViewCell.swift */,
				47EB81F826900D3E008FA088 /* GraphTableViewCell.xib */,
				4739958D2692C8E500BD1286 /* GraphTableViewHeaderFooterView.swift */,
				4739958F2692D22200BD1286 /* GraphTableViewHeaderFooterView.xib */,
			);
			path = TableView;
			sourceTree = "<group>";
		};
		47DC3EE926E44D8600693980 /* New Group-Utility */ = {
			isa = PBXGroup;
			children = (
				47898BB326E6661600497613 /* ColorName */,
				4781572326612CEE005E1020 /* Extension */,
				47793EF926E781FB0004E5F6 /* DateUtility.swift */,
			);
			path = "New Group-Utility";
			sourceTree = "<group>";
		};
		47DC3EF426E477E300693980 /* CalendarData */ = {
			isa = PBXGroup;
			children = (
				47DC3EF226E4773B00693980 /* CollectionViewData.swift */,
				47DC3EF526E4780100693980 /* TableViewData.swift */,
			);
			path = CalendarData;
			sourceTree = "<group>";
		};
		47DC3EF726E4AEBF00693980 /* CalendarViewModel */ = {
			isa = PBXGroup;
			children = (
				47DC3EF026E4723E00693980 /* CalendarViewModel.swift */,
				4781572F26612ED5005E1020 /* CalendarDate.swift */,
				47DC3EF426E477E300693980 /* CalendarData */,
			);
			path = CalendarViewModel;
			sourceTree = "<group>";
		};
		47DC3EF826E4BE9000693980 /* TabBarController */ = {
			isa = PBXGroup;
			children = (
				47DC3EE626E3928F00693980 /* MainTabBarController.swift */,
			);
			path = TabBarController;
			sourceTree = "<group>";
		};
		47DC3EFA26E4C2CD00693980 /* HeaderFooter */ = {
			isa = PBXGroup;
			children = (
				47C7A35726846737001B8EB4 /* CalendarTableViewHeaderFooterView.xib */,
				47C7A35526846712001B8EB4 /* CalendarTableViewHeaderFooterView.swift */,
			);
			path = HeaderFooter;
			sourceTree = "<group>";
		};
		47DC3EFB26E4C2DF00693980 /* Cell */ = {
			isa = PBXGroup;
			children = (
				47C290FF26844FDE0029403B /* CalendarTableViewCell.xib */,
				47C290FE26844FDE0029403B /* CalendarTableViewCell.swift */,
			);
			path = Cell;
			sourceTree = "<group>";
		};
		47DC3EFC26E4C2ED00693980 /* DataSource */ = {
			isa = PBXGroup;
			children = (
				47DC3EFD26E4C30900693980 /* CalendarTableViewDataSource.swift */,
			);
			path = DataSource;
			sourceTree = "<group>";
		};
		47DC3EFF26E4E83600693980 /* Cell */ = {
			isa = PBXGroup;
			children = (
				47480076268D5CFE0077EC08 /* CalendarDayCollectionViewCell.xib */,
				47480075268D5CFE0077EC08 /* CalendarDayCollectionViewCell.swift */,
				47480072268D5CC10077EC08 /* CalendarWeekdayCollectionViewCell.xib */,
				47480071268D5CC10077EC08 /* CalendarWeekdayCollectionViewCell.swift */,
			);
			path = Cell;
			sourceTree = "<group>";
		};
		47DC3F0126E4E8A400693980 /* DataSource */ = {
			isa = PBXGroup;
			children = (
				47DC3F0226E4E8C900693980 /* CalendarCollectionViewDataSource.swift */,
			);
			path = DataSource;
			sourceTree = "<group>";
		};
		F80E1A3A0C6B7344DB421BF8 /* Frameworks */ = {
			isa = PBXGroup;
			children = (
				7724D716AF9168272E123341 /* Pods_KakeiboApp.framework */,
			);
			name = Frameworks;
			sourceTree = "<group>";
		};
/* End PBXGroup section */

/* Begin PBXNativeTarget section */
		478156FD266128C8005E1020 /* KakeiboApp */ = {
			isa = PBXNativeTarget;
			buildConfigurationList = 47815712266128C8005E1020 /* Build configuration list for PBXNativeTarget "KakeiboApp" */;
			buildPhases = (
				D777A9B962C71507BE0EAD5E /* [CP] Check Pods Manifest.lock */,
				478156FA266128C8005E1020 /* Sources */,
				478156FB266128C8005E1020 /* Frameworks */,
				478156FC266128C8005E1020 /* Resources */,
				4711605D26833B970032C4A8 /* Run Script */,
				88D6DF58DD4D02A3FD4570AD /* [CP] Embed Pods Frameworks */,
			);
			buildRules = (
			);
			dependencies = (
			);
			name = KakeiboApp;
			productName = KakeiboApp;
			productReference = 478156FE266128C8005E1020 /* KakeiboApp.app */;
			productType = "com.apple.product-type.application";
		};
/* End PBXNativeTarget section */

/* Begin PBXProject section */
		478156F6266128C8005E1020 /* Project object */ = {
			isa = PBXProject;
			attributes = {
				LastSwiftUpdateCheck = 1240;
				LastUpgradeCheck = 1240;
				TargetAttributes = {
					478156FD266128C8005E1020 = {
						CreatedOnToolsVersion = 12.4;
					};
				};
			};
			buildConfigurationList = 478156F9266128C8005E1020 /* Build configuration list for PBXProject "KakeiboApp" */;
			compatibilityVersion = "Xcode 9.3";
			developmentRegion = en;
			hasScannedForEncodings = 0;
			knownRegions = (
				en,
				Base,
			);
			mainGroup = 478156F5266128C8005E1020;
			productRefGroup = 478156FF266128C8005E1020 /* Products */;
			projectDirPath = "";
			projectRoot = "";
			targets = (
				478156FD266128C8005E1020 /* KakeiboApp */,
			);
		};
/* End PBXProject section */

/* Begin PBXResourcesBuildPhase section */
		478156FC266128C8005E1020 /* Resources */ = {
			isa = PBXResourcesBuildPhase;
			buildActionMask = 2147483647;
			files = (
				4781570E266128C8005E1020 /* LaunchScreen.storyboard in Resources */,
				473995902692D22200BD1286 /* GraphTableViewHeaderFooterView.xib in Resources */,
				47480074268D5CC10077EC08 /* CalendarWeekdayCollectionViewCell.xib in Resources */,
				47C7A35826846737001B8EB4 /* CalendarTableViewHeaderFooterView.xib in Resources */,
				47C2910126844FDE0029403B /* CalendarTableViewCell.xib in Resources */,
				4781570B266128C8005E1020 /* Assets.xcassets in Resources */,
				47DC3EE226E34E8C00693980 /* GraphViewController.xib in Resources */,
				477C3F2726E5E3B400FFCB64 /* CalendarColor.xcassets in Resources */,
				47EB81FA26900D3E008FA088 /* GraphTableViewCell.xib in Resources */,
				47DC3EDE26E34E3800693980 /* CalendarViewController.xib in Resources */,
				47480078268D5CFE0077EC08 /* CalendarDayCollectionViewCell.xib in Resources */,
				47DC3EE026E34E6A00693980 /* InputViewController.xib in Resources */,
			);
			runOnlyForDeploymentPostprocessing = 0;
		};
/* End PBXResourcesBuildPhase section */

/* Begin PBXShellScriptBuildPhase section */
		4711605D26833B970032C4A8 /* Run Script */ = {
			isa = PBXShellScriptBuildPhase;
			buildActionMask = 2147483647;
			files = (
			);
			inputFileListPaths = (
			);
			inputPaths = (
			);
			name = "Run Script";
			outputFileListPaths = (
			);
			outputPaths = (
			);
			runOnlyForDeploymentPostprocessing = 0;
			shellPath = /bin/sh;
			shellScript = "

";
		};
		88D6DF58DD4D02A3FD4570AD /* [CP] Embed Pods Frameworks */ = {
			isa = PBXShellScriptBuildPhase;
			buildActionMask = 2147483647;
			files = (
			);
			inputFileListPaths = (
				"${PODS_ROOT}/Target Support Files/Pods-KakeiboApp/Pods-KakeiboApp-frameworks-${CONFIGURATION}-input-files.xcfilelist",
			);
			name = "[CP] Embed Pods Frameworks";
			outputFileListPaths = (
				"${PODS_ROOT}/Target Support Files/Pods-KakeiboApp/Pods-KakeiboApp-frameworks-${CONFIGURATION}-output-files.xcfilelist",
			);
			runOnlyForDeploymentPostprocessing = 0;
			shellPath = /bin/sh;
			shellScript = "\"${PODS_ROOT}/Target Support Files/Pods-KakeiboApp/Pods-KakeiboApp-frameworks.sh\"\n";
			showEnvVarsInLog = 0;
		};
		D777A9B962C71507BE0EAD5E /* [CP] Check Pods Manifest.lock */ = {
			isa = PBXShellScriptBuildPhase;
			buildActionMask = 2147483647;
			files = (
			);
			inputFileListPaths = (
			);
			inputPaths = (
				"${PODS_PODFILE_DIR_PATH}/Podfile.lock",
				"${PODS_ROOT}/Manifest.lock",
			);
			name = "[CP] Check Pods Manifest.lock";
			outputFileListPaths = (
			);
			outputPaths = (
				"$(DERIVED_FILE_DIR)/Pods-KakeiboApp-checkManifestLockResult.txt",
			);
			runOnlyForDeploymentPostprocessing = 0;
			shellPath = /bin/sh;
			shellScript = "diff \"${PODS_PODFILE_DIR_PATH}/Podfile.lock\" \"${PODS_ROOT}/Manifest.lock\" > /dev/null\nif [ $? != 0 ] ; then\n    # print error to STDERR\n    echo \"error: The sandbox is not in sync with the Podfile.lock. Run 'pod install' or update your CocoaPods installation.\" >&2\n    exit 1\nfi\n# This output is used by Xcode 'outputs' to avoid re-running this script phase.\necho \"SUCCESS\" > \"${SCRIPT_OUTPUT_FILE_0}\"\n";
			showEnvVarsInLog = 0;
		};
/* End PBXShellScriptBuildPhase section */

/* Begin PBXSourcesBuildPhase section */
		478156FA266128C8005E1020 /* Sources */ = {
			isa = PBXSourcesBuildPhase;
			buildActionMask = 2147483647;
			files = (
				47DC3EEB26E45AC400693980 /* KakeiboModel.swift in Sources */,
				4781573026612ED5005E1020 /* CalendarDate.swift in Sources */,
				4739958426927E6A00BD1286 /* ExtensionUITableViewCell.swift in Sources */,
				47DC3EE726E3928F00693980 /* MainTabBarController.swift in Sources */,
				4739958E2692C8E500BD1286 /* GraphTableViewHeaderFooterView.swift in Sources */,
				477C3F2926E5E60600FFCB64 /* CalendarColorName.swift in Sources */,
				47DC3EF626E4780100693980 /* TableViewData.swift in Sources */,
				47DC3EEF26E4700B00693980 /* ModelLocator.swift in Sources */,
				47DC3EF326E4773B00693980 /* CollectionViewData.swift in Sources */,
				4785FD3526620E8700BAAD00 /* InputViewController.swift in Sources */,
				47DC3EFE26E4C30900693980 /* CalendarTableViewDataSource.swift in Sources */,
				47815702266128C8005E1020 /* AppDelegate.swift in Sources */,
				47DC3EED26E45C3B00693980 /* KakeiboData.swift in Sources */,
				478C82F326689C4400E9D669 /* Gradation.swift in Sources */,
				47EB81F2268EFD96008FA088 /* GraphViewController.swift in Sources */,
				4786EDC92662878500FF6ADF /* CalendarViewController.swift in Sources */,
				47815704266128C8005E1020 /* SceneDelegate.swift in Sources */,
				47480073268D5CC10077EC08 /* CalendarWeekdayCollectionViewCell.swift in Sources */,
				47DC3F0326E4E8C900693980 /* CalendarCollectionViewDataSource.swift in Sources */,
				47C2910026844FDE0029403B /* CalendarTableViewCell.swift in Sources */,
				47EB81F926900D3E008FA088 /* GraphTableViewCell.swift in Sources */,
				47793EFA26E781FB0004E5F6 /* DateUtility.swift in Sources */,
				47C7A35626846712001B8EB4 /* CalendarTableViewHeaderFooterView.swift in Sources */,
				4739958626927F0400BD1286 /* ExtensionUICollectionViewCell.swift in Sources */,
				47480077268D5CFE0077EC08 /* CalendarDayCollectionViewCell.swift in Sources */,
				47EB81F4268FF1B2008FA088 /* GraphData.swift in Sources */,
				477C3F4C26E6256E00FFCB64 /* KakeiboDataRepository.swift in Sources */,
				473995882692BE2500BD1286 /* ExtensionUITableViewHeaderFooterView.swift in Sources */,
				47DC3EF126E4723E00693980 /* CalendarViewModel.swift in Sources */,
				47793EF826E76ABE0004E5F6 /* InputViewModel.swift in Sources */,
				475B8AC126737C5900B0AB8D /* Category.swift in Sources */,
			);
			runOnlyForDeploymentPostprocessing = 0;
		};
/* End PBXSourcesBuildPhase section */

/* Begin PBXVariantGroup section */
		4781570C266128C8005E1020 /* LaunchScreen.storyboard */ = {
			isa = PBXVariantGroup;
			children = (
				4781570D266128C8005E1020 /* Base */,
			);
			name = LaunchScreen.storyboard;
			sourceTree = "<group>";
		};
/* End PBXVariantGroup section */

/* Begin XCBuildConfiguration section */
		47815710266128C8005E1020 /* Debug */ = {
			isa = XCBuildConfiguration;
			buildSettings = {
				ALWAYS_SEARCH_USER_PATHS = NO;
				CLANG_ANALYZER_NONNULL = YES;
				CLANG_ANALYZER_NUMBER_OBJECT_CONVERSION = YES_AGGRESSIVE;
				CLANG_CXX_LANGUAGE_STANDARD = "gnu++14";
				CLANG_CXX_LIBRARY = "libc++";
				CLANG_ENABLE_MODULES = YES;
				CLANG_ENABLE_OBJC_ARC = YES;
				CLANG_ENABLE_OBJC_WEAK = YES;
				CLANG_WARN_BLOCK_CAPTURE_AUTORELEASING = YES;
				CLANG_WARN_BOOL_CONVERSION = YES;
				CLANG_WARN_COMMA = YES;
				CLANG_WARN_CONSTANT_CONVERSION = YES;
				CLANG_WARN_DEPRECATED_OBJC_IMPLEMENTATIONS = YES;
				CLANG_WARN_DIRECT_OBJC_ISA_USAGE = YES_ERROR;
				CLANG_WARN_DOCUMENTATION_COMMENTS = YES;
				CLANG_WARN_EMPTY_BODY = YES;
				CLANG_WARN_ENUM_CONVERSION = YES;
				CLANG_WARN_INFINITE_RECURSION = YES;
				CLANG_WARN_INT_CONVERSION = YES;
				CLANG_WARN_NON_LITERAL_NULL_CONVERSION = YES;
				CLANG_WARN_OBJC_IMPLICIT_RETAIN_SELF = YES;
				CLANG_WARN_OBJC_LITERAL_CONVERSION = YES;
				CLANG_WARN_OBJC_ROOT_CLASS = YES_ERROR;
				CLANG_WARN_QUOTED_INCLUDE_IN_FRAMEWORK_HEADER = YES;
				CLANG_WARN_RANGE_LOOP_ANALYSIS = YES;
				CLANG_WARN_STRICT_PROTOTYPES = YES;
				CLANG_WARN_SUSPICIOUS_MOVE = YES;
				CLANG_WARN_UNGUARDED_AVAILABILITY = YES_AGGRESSIVE;
				CLANG_WARN_UNREACHABLE_CODE = YES;
				CLANG_WARN__DUPLICATE_METHOD_MATCH = YES;
				COPY_PHASE_STRIP = NO;
				DEBUG_INFORMATION_FORMAT = dwarf;
				ENABLE_STRICT_OBJC_MSGSEND = YES;
				ENABLE_TESTABILITY = YES;
				GCC_C_LANGUAGE_STANDARD = gnu11;
				GCC_DYNAMIC_NO_PIC = NO;
				GCC_NO_COMMON_BLOCKS = YES;
				GCC_OPTIMIZATION_LEVEL = 0;
				GCC_PREPROCESSOR_DEFINITIONS = (
					"DEBUG=1",
					"$(inherited)",
				);
				GCC_WARN_64_TO_32_BIT_CONVERSION = YES;
				GCC_WARN_ABOUT_RETURN_TYPE = YES_ERROR;
				GCC_WARN_UNDECLARED_SELECTOR = YES;
				GCC_WARN_UNINITIALIZED_AUTOS = YES_AGGRESSIVE;
				GCC_WARN_UNUSED_FUNCTION = YES;
				GCC_WARN_UNUSED_VARIABLE = YES;
				IPHONEOS_DEPLOYMENT_TARGET = 14.5;
				MTL_ENABLE_DEBUG_INFO = INCLUDE_SOURCE;
				MTL_FAST_MATH = YES;
				ONLY_ACTIVE_ARCH = YES;
				SDKROOT = iphoneos;
				SWIFT_ACTIVE_COMPILATION_CONDITIONS = DEBUG;
				SWIFT_OPTIMIZATION_LEVEL = "-Onone";
			};
			name = Debug;
		};
		47815711266128C8005E1020 /* Release */ = {
			isa = XCBuildConfiguration;
			buildSettings = {
				ALWAYS_SEARCH_USER_PATHS = NO;
				CLANG_ANALYZER_NONNULL = YES;
				CLANG_ANALYZER_NUMBER_OBJECT_CONVERSION = YES_AGGRESSIVE;
				CLANG_CXX_LANGUAGE_STANDARD = "gnu++14";
				CLANG_CXX_LIBRARY = "libc++";
				CLANG_ENABLE_MODULES = YES;
				CLANG_ENABLE_OBJC_ARC = YES;
				CLANG_ENABLE_OBJC_WEAK = YES;
				CLANG_WARN_BLOCK_CAPTURE_AUTORELEASING = YES;
				CLANG_WARN_BOOL_CONVERSION = YES;
				CLANG_WARN_COMMA = YES;
				CLANG_WARN_CONSTANT_CONVERSION = YES;
				CLANG_WARN_DEPRECATED_OBJC_IMPLEMENTATIONS = YES;
				CLANG_WARN_DIRECT_OBJC_ISA_USAGE = YES_ERROR;
				CLANG_WARN_DOCUMENTATION_COMMENTS = YES;
				CLANG_WARN_EMPTY_BODY = YES;
				CLANG_WARN_ENUM_CONVERSION = YES;
				CLANG_WARN_INFINITE_RECURSION = YES;
				CLANG_WARN_INT_CONVERSION = YES;
				CLANG_WARN_NON_LITERAL_NULL_CONVERSION = YES;
				CLANG_WARN_OBJC_IMPLICIT_RETAIN_SELF = YES;
				CLANG_WARN_OBJC_LITERAL_CONVERSION = YES;
				CLANG_WARN_OBJC_ROOT_CLASS = YES_ERROR;
				CLANG_WARN_QUOTED_INCLUDE_IN_FRAMEWORK_HEADER = YES;
				CLANG_WARN_RANGE_LOOP_ANALYSIS = YES;
				CLANG_WARN_STRICT_PROTOTYPES = YES;
				CLANG_WARN_SUSPICIOUS_MOVE = YES;
				CLANG_WARN_UNGUARDED_AVAILABILITY = YES_AGGRESSIVE;
				CLANG_WARN_UNREACHABLE_CODE = YES;
				CLANG_WARN__DUPLICATE_METHOD_MATCH = YES;
				COPY_PHASE_STRIP = NO;
				DEBUG_INFORMATION_FORMAT = "dwarf-with-dsym";
				ENABLE_NS_ASSERTIONS = NO;
				ENABLE_STRICT_OBJC_MSGSEND = YES;
				GCC_C_LANGUAGE_STANDARD = gnu11;
				GCC_NO_COMMON_BLOCKS = YES;
				GCC_WARN_64_TO_32_BIT_CONVERSION = YES;
				GCC_WARN_ABOUT_RETURN_TYPE = YES_ERROR;
				GCC_WARN_UNDECLARED_SELECTOR = YES;
				GCC_WARN_UNINITIALIZED_AUTOS = YES_AGGRESSIVE;
				GCC_WARN_UNUSED_FUNCTION = YES;
				GCC_WARN_UNUSED_VARIABLE = YES;
				IPHONEOS_DEPLOYMENT_TARGET = 14.5;
				MTL_ENABLE_DEBUG_INFO = NO;
				MTL_FAST_MATH = YES;
				SDKROOT = iphoneos;
				SWIFT_COMPILATION_MODE = wholemodule;
				SWIFT_OPTIMIZATION_LEVEL = "-O";
				VALIDATE_PRODUCT = YES;
			};
			name = Release;
		};
		47815713266128C8005E1020 /* Debug */ = {
			isa = XCBuildConfiguration;
			baseConfigurationReference = 8374A06BF5FB26D14592739D /* Pods-KakeiboApp.debug.xcconfig */;
			buildSettings = {
				ASSETCATALOG_COMPILER_APPICON_NAME = AppIcon;
				ASSETCATALOG_COMPILER_GLOBAL_ACCENT_COLOR_NAME = AccentColor;
				CODE_SIGN_STYLE = Automatic;
				DEVELOPMENT_TEAM = HAMLUR4PQA;
				INFOPLIST_FILE = KakeiboApp/Info.plist;
				IPHONEOS_DEPLOYMENT_TARGET = 14.5;
				LD_RUNPATH_SEARCH_PATHS = (
					"$(inherited)",
					"@executable_path/Frameworks",
				);
				PRODUCT_BUNDLE_IDENTIFIER = com.kyohei.KakeiboApp;
				PRODUCT_NAME = "$(TARGET_NAME)";
				SWIFT_OPTIMIZATION_LEVEL = "-O";
				SWIFT_VERSION = 5.0;
				TARGETED_DEVICE_FAMILY = 1;
			};
			name = Debug;
		};
		47815714266128C8005E1020 /* Release */ = {
			isa = XCBuildConfiguration;
			baseConfigurationReference = 4CA78BE969024FB289D67417 /* Pods-KakeiboApp.release.xcconfig */;
			buildSettings = {
				ASSETCATALOG_COMPILER_APPICON_NAME = AppIcon;
				ASSETCATALOG_COMPILER_GLOBAL_ACCENT_COLOR_NAME = AccentColor;
				CODE_SIGN_STYLE = Automatic;
				DEVELOPMENT_TEAM = HAMLUR4PQA;
				INFOPLIST_FILE = KakeiboApp/Info.plist;
				IPHONEOS_DEPLOYMENT_TARGET = 14.5;
				LD_RUNPATH_SEARCH_PATHS = (
					"$(inherited)",
					"@executable_path/Frameworks",
				);
				PRODUCT_BUNDLE_IDENTIFIER = com.kyohei.KakeiboApp;
				PRODUCT_NAME = "$(TARGET_NAME)";
				SWIFT_OPTIMIZATION_LEVEL = "-O";
				SWIFT_VERSION = 5.0;
				TARGETED_DEVICE_FAMILY = 1;
			};
			name = Release;
		};
/* End XCBuildConfiguration section */

/* Begin XCConfigurationList section */
		478156F9266128C8005E1020 /* Build configuration list for PBXProject "KakeiboApp" */ = {
			isa = XCConfigurationList;
			buildConfigurations = (
				47815710266128C8005E1020 /* Debug */,
				47815711266128C8005E1020 /* Release */,
			);
			defaultConfigurationIsVisible = 0;
			defaultConfigurationName = Release;
		};
		47815712266128C8005E1020 /* Build configuration list for PBXNativeTarget "KakeiboApp" */ = {
			isa = XCConfigurationList;
			buildConfigurations = (
				47815713266128C8005E1020 /* Debug */,
				47815714266128C8005E1020 /* Release */,
			);
			defaultConfigurationIsVisible = 0;
			defaultConfigurationName = Release;
		};
/* End XCConfigurationList section */
	};
	rootObject = 478156F6266128C8005E1020 /* Project object */;
}
